// !$*UTF8*$!
{
	archiveVersion = 1;
	classes = {
	};
	objectVersion = 56;
	objects = {

/* Begin PBXBuildFile section */
		5F4E315E293681D80028DBC7 /* SpaceBarColors.ttf in Resources */ = {isa = PBXBuildFile; fileRef = 5F4E315C293681D80028DBC7 /* SpaceBarColors.ttf */; };
		5F4E315F293681D80028DBC7 /* emulogic.ttf in Resources */ = {isa = PBXBuildFile; fileRef = 5F4E315D293681D80028DBC7 /* emulogic.ttf */; };
		5F4E3162293681E30028DBC7 /* GameMenu.swift in Sources */ = {isa = PBXBuildFile; fileRef = 5F4E3160293681E30028DBC7 /* GameMenu.swift */; };
		5F4E3163293681E30028DBC7 /* GameMenu.sks in Resources */ = {isa = PBXBuildFile; fileRef = 5F4E3161293681E30028DBC7 /* GameMenu.sks */; };
		5F4E31652936827E0028DBC7 /* Global.swift in Sources */ = {isa = PBXBuildFile; fileRef = 5F4E31642936827E0028DBC7 /* Global.swift */; };
		5F4E3167293682980028DBC7 /* Settings.swift in Sources */ = {isa = PBXBuildFile; fileRef = 5F4E3166293682980028DBC7 /* Settings.swift */; };
		5F4E3169293682A30028DBC7 /* ScreenSize.swift in Sources */ = {isa = PBXBuildFile; fileRef = 5F4E3168293682A30028DBC7 /* ScreenSize.swift */; };
		5F4E316B2936887A0028DBC7 /* GameScene.sks in Resources */ = {isa = PBXBuildFile; fileRef = 5F4E316A2936887A0028DBC7 /* GameScene.sks */; };
		5F4E316D2936898B0028DBC7 /* GameSceneDelegate.swift in Sources */ = {isa = PBXBuildFile; fileRef = 5F4E316C2936898B0028DBC7 /* GameSceneDelegate.swift */; };
		5F4E31F8293689DD0028DBC7 /* level88.sks in Resources */ = {isa = PBXBuildFile; fileRef = 5F4E3189293689DD0028DBC7 /* level88.sks */; };
		5F4E31F9293689DD0028DBC7 /* level89.sks in Resources */ = {isa = PBXBuildFile; fileRef = 5F4E318A293689DD0028DBC7 /* level89.sks */; };
		5F4E31FA293689DD0028DBC7 /* level82.sks in Resources */ = {isa = PBXBuildFile; fileRef = 5F4E318B293689DD0028DBC7 /* level82.sks */; };
		5F4E31FB293689DD0028DBC7 /* level83.sks in Resources */ = {isa = PBXBuildFile; fileRef = 5F4E318C293689DD0028DBC7 /* level83.sks */; };
		5F4E31FC293689DD0028DBC7 /* level81.sks in Resources */ = {isa = PBXBuildFile; fileRef = 5F4E318D293689DD0028DBC7 /* level81.sks */; };
		5F4E31FD293689DD0028DBC7 /* level90.sks in Resources */ = {isa = PBXBuildFile; fileRef = 5F4E318E293689DD0028DBC7 /* level90.sks */; };
		5F4E31FE293689DD0028DBC7 /* level84.sks in Resources */ = {isa = PBXBuildFile; fileRef = 5F4E318F293689DD0028DBC7 /* level84.sks */; };
		5F4E31FF293689DD0028DBC7 /* level85.sks in Resources */ = {isa = PBXBuildFile; fileRef = 5F4E3190293689DD0028DBC7 /* level85.sks */; };
		5F4E3200293689DD0028DBC7 /* level87.sks in Resources */ = {isa = PBXBuildFile; fileRef = 5F4E3191293689DD0028DBC7 /* level87.sks */; };
		5F4E3201293689DD0028DBC7 /* level86.sks in Resources */ = {isa = PBXBuildFile; fileRef = 5F4E3192293689DD0028DBC7 /* level86.sks */; };
		5F4E3202293689DD0028DBC7 /* level28.sks in Resources */ = {isa = PBXBuildFile; fileRef = 5F4E3194293689DD0028DBC7 /* level28.sks */; };
		5F4E3203293689DD0028DBC7 /* level29.sks in Resources */ = {isa = PBXBuildFile; fileRef = 5F4E3195293689DD0028DBC7 /* level29.sks */; };
		5F4E3204293689DD0028DBC7 /* level22.sks in Resources */ = {isa = PBXBuildFile; fileRef = 5F4E3196293689DD0028DBC7 /* level22.sks */; };
		5F4E3205293689DD0028DBC7 /* level23.sks in Resources */ = {isa = PBXBuildFile; fileRef = 5F4E3197293689DD0028DBC7 /* level23.sks */; };
		5F4E3206293689DD0028DBC7 /* level21.sks in Resources */ = {isa = PBXBuildFile; fileRef = 5F4E3198293689DD0028DBC7 /* level21.sks */; };
		5F4E3207293689DD0028DBC7 /* level30.sks in Resources */ = {isa = PBXBuildFile; fileRef = 5F4E3199293689DD0028DBC7 /* level30.sks */; };
		5F4E3208293689DD0028DBC7 /* level24.sks in Resources */ = {isa = PBXBuildFile; fileRef = 5F4E319A293689DD0028DBC7 /* level24.sks */; };
		5F4E3209293689DD0028DBC7 /* level25.sks in Resources */ = {isa = PBXBuildFile; fileRef = 5F4E319B293689DD0028DBC7 /* level25.sks */; };
		5F4E320A293689DD0028DBC7 /* level27.sks in Resources */ = {isa = PBXBuildFile; fileRef = 5F4E319C293689DD0028DBC7 /* level27.sks */; };
		5F4E320B293689DD0028DBC7 /* level26.sks in Resources */ = {isa = PBXBuildFile; fileRef = 5F4E319D293689DD0028DBC7 /* level26.sks */; };
		5F4E320C293689DD0028DBC7 /* level74.sks in Resources */ = {isa = PBXBuildFile; fileRef = 5F4E319F293689DD0028DBC7 /* level74.sks */; };
		5F4E320D293689DD0028DBC7 /* level75.sks in Resources */ = {isa = PBXBuildFile; fileRef = 5F4E31A0293689DD0028DBC7 /* level75.sks */; };
		5F4E320E293689DD0028DBC7 /* level77.sks in Resources */ = {isa = PBXBuildFile; fileRef = 5F4E31A1293689DD0028DBC7 /* level77.sks */; };
		5F4E320F293689DD0028DBC7 /* level76.sks in Resources */ = {isa = PBXBuildFile; fileRef = 5F4E31A2293689DD0028DBC7 /* level76.sks */; };
		5F4E3210293689DD0028DBC7 /* level72.sks in Resources */ = {isa = PBXBuildFile; fileRef = 5F4E31A3293689DD0028DBC7 /* level72.sks */; };
		5F4E3211293689DD0028DBC7 /* level73.sks in Resources */ = {isa = PBXBuildFile; fileRef = 5F4E31A4293689DD0028DBC7 /* level73.sks */; };
		5F4E3212293689DD0028DBC7 /* level71.sks in Resources */ = {isa = PBXBuildFile; fileRef = 5F4E31A5293689DD0028DBC7 /* level71.sks */; };
		5F4E3213293689DD0028DBC7 /* level80.sks in Resources */ = {isa = PBXBuildFile; fileRef = 5F4E31A6293689DD0028DBC7 /* level80.sks */; };
		5F4E3214293689DD0028DBC7 /* level78.sks in Resources */ = {isa = PBXBuildFile; fileRef = 5F4E31A7293689DD0028DBC7 /* level78.sks */; };
		5F4E3215293689DD0028DBC7 /* level79.sks in Resources */ = {isa = PBXBuildFile; fileRef = 5F4E31A8293689DD0028DBC7 /* level79.sks */; };
		5F4E3216293689DD0028DBC7 /* level99.sks in Resources */ = {isa = PBXBuildFile; fileRef = 5F4E31AA293689DD0028DBC7 /* level99.sks */; };
		5F4E3217293689DD0028DBC7 /* level98.sks in Resources */ = {isa = PBXBuildFile; fileRef = 5F4E31AB293689DD0028DBC7 /* level98.sks */; };
		5F4E3218293689DD0028DBC7 /* level96.sks in Resources */ = {isa = PBXBuildFile; fileRef = 5F4E31AC293689DD0028DBC7 /* level96.sks */; };
		5F4E3219293689DD0028DBC7 /* level97.sks in Resources */ = {isa = PBXBuildFile; fileRef = 5F4E31AD293689DD0028DBC7 /* level97.sks */; };
		5F4E321A293689DD0028DBC7 /* level95.sks in Resources */ = {isa = PBXBuildFile; fileRef = 5F4E31AE293689DD0028DBC7 /* level95.sks */; };
		5F4E321B293689DD0028DBC7 /* level94.sks in Resources */ = {isa = PBXBuildFile; fileRef = 5F4E31AF293689DD0028DBC7 /* level94.sks */; };
		5F4E321C293689DD0028DBC7 /* level91.sks in Resources */ = {isa = PBXBuildFile; fileRef = 5F4E31B0293689DD0028DBC7 /* level91.sks */; };
		5F4E321D293689DD0028DBC7 /* level93.sks in Resources */ = {isa = PBXBuildFile; fileRef = 5F4E31B1293689DD0028DBC7 /* level93.sks */; };
		5F4E321E293689DD0028DBC7 /* level92.sks in Resources */ = {isa = PBXBuildFile; fileRef = 5F4E31B2293689DD0028DBC7 /* level92.sks */; };
		5F4E321F293689DD0028DBC7 /* level100.sks in Resources */ = {isa = PBXBuildFile; fileRef = 5F4E31B3293689DD0028DBC7 /* level100.sks */; };
		5F4E3220293689DD0028DBC7 /* hexTileSet.sks in Resources */ = {isa = PBXBuildFile; fileRef = 5F4E31B4293689DD0028DBC7 /* hexTileSet.sks */; };
		5F4E3221293689DD0028DBC7 /* gridTileSet.sks in Resources */ = {isa = PBXBuildFile; fileRef = 5F4E31B5293689DD0028DBC7 /* gridTileSet.sks */; };
		5F4E3222293689DD0028DBC7 /* level48.sks in Resources */ = {isa = PBXBuildFile; fileRef = 5F4E31B7293689DD0028DBC7 /* level48.sks */; };
		5F4E3223293689DD0028DBC7 /* level49.sks in Resources */ = {isa = PBXBuildFile; fileRef = 5F4E31B8293689DD0028DBC7 /* level49.sks */; };
		5F4E3224293689DD0028DBC7 /* level41.sks in Resources */ = {isa = PBXBuildFile; fileRef = 5F4E31B9293689DD0028DBC7 /* level41.sks */; };
		5F4E3225293689DD0028DBC7 /* level42.sks in Resources */ = {isa = PBXBuildFile; fileRef = 5F4E31BA293689DD0028DBC7 /* level42.sks */; };
		5F4E3226293689DD0028DBC7 /* level43.sks in Resources */ = {isa = PBXBuildFile; fileRef = 5F4E31BB293689DD0028DBC7 /* level43.sks */; };
		5F4E3227293689DD0028DBC7 /* level47.sks in Resources */ = {isa = PBXBuildFile; fileRef = 5F4E31BC293689DD0028DBC7 /* level47.sks */; };
		5F4E3228293689DD0028DBC7 /* level46.sks in Resources */ = {isa = PBXBuildFile; fileRef = 5F4E31BD293689DD0028DBC7 /* level46.sks */; };
		5F4E3229293689DD0028DBC7 /* level44.sks in Resources */ = {isa = PBXBuildFile; fileRef = 5F4E31BE293689DD0028DBC7 /* level44.sks */; };
		5F4E322A293689DD0028DBC7 /* level50.sks in Resources */ = {isa = PBXBuildFile; fileRef = 5F4E31BF293689DD0028DBC7 /* level50.sks */; };
		5F4E322B293689DD0028DBC7 /* level45.sks in Resources */ = {isa = PBXBuildFile; fileRef = 5F4E31C0293689DD0028DBC7 /* level45.sks */; };
		5F4E322C293689DD0028DBC7 /* level60.sks in Resources */ = {isa = PBXBuildFile; fileRef = 5F4E31C2293689DD0028DBC7 /* level60.sks */; };
		5F4E322D293689DD0028DBC7 /* level59.sks in Resources */ = {isa = PBXBuildFile; fileRef = 5F4E31C3293689DD0028DBC7 /* level59.sks */; };
		5F4E322E293689DD0028DBC7 /* level58.sks in Resources */ = {isa = PBXBuildFile; fileRef = 5F4E31C4293689DD0028DBC7 /* level58.sks */; };
		5F4E322F293689DD0028DBC7 /* level55.sks in Resources */ = {isa = PBXBuildFile; fileRef = 5F4E31C5293689DD0028DBC7 /* level55.sks */; };
		5F4E3230293689DD0028DBC7 /* level54.sks in Resources */ = {isa = PBXBuildFile; fileRef = 5F4E31C6293689DD0028DBC7 /* level54.sks */; };
		5F4E3231293689DD0028DBC7 /* level56.sks in Resources */ = {isa = PBXBuildFile; fileRef = 5F4E31C7293689DD0028DBC7 /* level56.sks */; };
		5F4E3232293689DD0028DBC7 /* level57.sks in Resources */ = {isa = PBXBuildFile; fileRef = 5F4E31C8293689DD0028DBC7 /* level57.sks */; };
		5F4E3233293689DD0028DBC7 /* level53.sks in Resources */ = {isa = PBXBuildFile; fileRef = 5F4E31C9293689DD0028DBC7 /* level53.sks */; };
		5F4E3234293689DD0028DBC7 /* level52.sks in Resources */ = {isa = PBXBuildFile; fileRef = 5F4E31CA293689DD0028DBC7 /* level52.sks */; };
		5F4E3235293689DD0028DBC7 /* level51.sks in Resources */ = {isa = PBXBuildFile; fileRef = 5F4E31CB293689DD0028DBC7 /* level51.sks */; };
		5F4E3236293689DD0028DBC7 /* level61.sks in Resources */ = {isa = PBXBuildFile; fileRef = 5F4E31CD293689DD0028DBC7 /* level61.sks */; };
		5F4E3237293689DD0028DBC7 /* level63.sks in Resources */ = {isa = PBXBuildFile; fileRef = 5F4E31CE293689DD0028DBC7 /* level63.sks */; };
		5F4E3238293689DD0028DBC7 /* level62.sks in Resources */ = {isa = PBXBuildFile; fileRef = 5F4E31CF293689DD0028DBC7 /* level62.sks */; };
		5F4E3239293689DD0028DBC7 /* level66.sks in Resources */ = {isa = PBXBuildFile; fileRef = 5F4E31D0293689DD0028DBC7 /* level66.sks */; };
		5F4E323A293689DD0028DBC7 /* level67.sks in Resources */ = {isa = PBXBuildFile; fileRef = 5F4E31D1293689DD0028DBC7 /* level67.sks */; };
		5F4E323B293689DD0028DBC7 /* level65.sks in Resources */ = {isa = PBXBuildFile; fileRef = 5F4E31D2293689DD0028DBC7 /* level65.sks */; };
		5F4E323C293689DD0028DBC7 /* level70.sks in Resources */ = {isa = PBXBuildFile; fileRef = 5F4E31D3293689DD0028DBC7 /* level70.sks */; };
		5F4E323D293689DD0028DBC7 /* level64.sks in Resources */ = {isa = PBXBuildFile; fileRef = 5F4E31D4293689DD0028DBC7 /* level64.sks */; };
		5F4E323E293689DD0028DBC7 /* level69.sks in Resources */ = {isa = PBXBuildFile; fileRef = 5F4E31D5293689DD0028DBC7 /* level69.sks */; };
		5F4E323F293689DD0028DBC7 /* level68.sks in Resources */ = {isa = PBXBuildFile; fileRef = 5F4E31D6293689DD0028DBC7 /* level68.sks */; };
		5F4E3240293689DD0028DBC7 /* level17.sks in Resources */ = {isa = PBXBuildFile; fileRef = 5F4E31D8293689DD0028DBC7 /* level17.sks */; };
		5F4E3241293689DD0028DBC7 /* level16.sks in Resources */ = {isa = PBXBuildFile; fileRef = 5F4E31D9293689DD0028DBC7 /* level16.sks */; };
		5F4E3242293689DD0028DBC7 /* level14.sks in Resources */ = {isa = PBXBuildFile; fileRef = 5F4E31DA293689DD0028DBC7 /* level14.sks */; };
		5F4E3243293689DD0028DBC7 /* level15.sks in Resources */ = {isa = PBXBuildFile; fileRef = 5F4E31DB293689DD0028DBC7 /* level15.sks */; };
		5F4E3244293689DD0028DBC7 /* level11.sks in Resources */ = {isa = PBXBuildFile; fileRef = 5F4E31DC293689DD0028DBC7 /* level11.sks */; };
		5F4E3245293689DD0028DBC7 /* level12.sks in Resources */ = {isa = PBXBuildFile; fileRef = 5F4E31DD293689DD0028DBC7 /* level12.sks */; };
		5F4E3246293689DD0028DBC7 /* level13.sks in Resources */ = {isa = PBXBuildFile; fileRef = 5F4E31DE293689DD0028DBC7 /* level13.sks */; };
		5F4E3247293689DD0028DBC7 /* level20.sks in Resources */ = {isa = PBXBuildFile; fileRef = 5F4E31DF293689DD0028DBC7 /* level20.sks */; };
		5F4E3248293689DD0028DBC7 /* level18.sks in Resources */ = {isa = PBXBuildFile; fileRef = 5F4E31E0293689DD0028DBC7 /* level18.sks */; };
		5F4E3249293689DD0028DBC7 /* level19.sks in Resources */ = {isa = PBXBuildFile; fileRef = 5F4E31E1293689DD0028DBC7 /* level19.sks */; };
		5F4E324A293689DD0028DBC7 /* level39.sks in Resources */ = {isa = PBXBuildFile; fileRef = 5F4E31E3293689DD0028DBC7 /* level39.sks */; };
		5F4E324B293689DD0028DBC7 /* level38.sks in Resources */ = {isa = PBXBuildFile; fileRef = 5F4E31E4293689DD0028DBC7 /* level38.sks */; };
		5F4E324C293689DD0028DBC7 /* level40.sks in Resources */ = {isa = PBXBuildFile; fileRef = 5F4E31E5293689DD0028DBC7 /* level40.sks */; };
		5F4E324D293689DD0028DBC7 /* level36.sks in Resources */ = {isa = PBXBuildFile; fileRef = 5F4E31E6293689DD0028DBC7 /* level36.sks */; };
		5F4E324E293689DD0028DBC7 /* level37.sks in Resources */ = {isa = PBXBuildFile; fileRef = 5F4E31E7293689DD0028DBC7 /* level37.sks */; };
		5F4E324F293689DD0028DBC7 /* level35.sks in Resources */ = {isa = PBXBuildFile; fileRef = 5F4E31E8293689DD0028DBC7 /* level35.sks */; };
		5F4E3250293689DD0028DBC7 /* level34.sks in Resources */ = {isa = PBXBuildFile; fileRef = 5F4E31E9293689DD0028DBC7 /* level34.sks */; };
		5F4E3251293689DD0028DBC7 /* level31.sks in Resources */ = {isa = PBXBuildFile; fileRef = 5F4E31EA293689DD0028DBC7 /* level31.sks */; };
		5F4E3252293689DD0028DBC7 /* level33.sks in Resources */ = {isa = PBXBuildFile; fileRef = 5F4E31EB293689DD0028DBC7 /* level33.sks */; };
		5F4E3253293689DD0028DBC7 /* level32.sks in Resources */ = {isa = PBXBuildFile; fileRef = 5F4E31EC293689DD0028DBC7 /* level32.sks */; };
		5F4E3254293689DD0028DBC7 /* level9.sks in Resources */ = {isa = PBXBuildFile; fileRef = 5F4E31EE293689DD0028DBC7 /* level9.sks */; };
		5F4E3255293689DD0028DBC7 /* level8.sks in Resources */ = {isa = PBXBuildFile; fileRef = 5F4E31EF293689DD0028DBC7 /* level8.sks */; };
		5F4E3256293689DD0028DBC7 /* level10.sks in Resources */ = {isa = PBXBuildFile; fileRef = 5F4E31F0293689DD0028DBC7 /* level10.sks */; };
		5F4E3257293689DD0028DBC7 /* level1.sks in Resources */ = {isa = PBXBuildFile; fileRef = 5F4E31F1293689DD0028DBC7 /* level1.sks */; };
		5F4E3258293689DD0028DBC7 /* level3.sks in Resources */ = {isa = PBXBuildFile; fileRef = 5F4E31F2293689DD0028DBC7 /* level3.sks */; };
		5F4E3259293689DD0028DBC7 /* level2.sks in Resources */ = {isa = PBXBuildFile; fileRef = 5F4E31F3293689DD0028DBC7 /* level2.sks */; };
		5F4E325A293689DD0028DBC7 /* level6.sks in Resources */ = {isa = PBXBuildFile; fileRef = 5F4E31F4293689DD0028DBC7 /* level6.sks */; };
		5F4E325B293689DD0028DBC7 /* level7.sks in Resources */ = {isa = PBXBuildFile; fileRef = 5F4E31F5293689DD0028DBC7 /* level7.sks */; };
		5F4E325C293689DD0028DBC7 /* level5.sks in Resources */ = {isa = PBXBuildFile; fileRef = 5F4E31F6293689DD0028DBC7 /* level5.sks */; };
		5F4E325D293689DD0028DBC7 /* level4.sks in Resources */ = {isa = PBXBuildFile; fileRef = 5F4E31F7293689DD0028DBC7 /* level4.sks */; };
		5F4E325F293689F20028DBC7 /* ViewDidMove.swift in Sources */ = {isa = PBXBuildFile; fileRef = 5F4E325E293689F20028DBC7 /* ViewDidMove.swift */; };
		5F4E327D29368A5E0028DBC7 /* AddPuck.swift in Sources */ = {isa = PBXBuildFile; fileRef = 5F4E326229368A5E0028DBC7 /* AddPuck.swift */; };
		5F4E327E29368A5E0028DBC7 /* RemovePowerBall.swift in Sources */ = {isa = PBXBuildFile; fileRef = 5F4E326329368A5E0028DBC7 /* RemovePowerBall.swift */; };
		5F4E327F29368A5E0028DBC7 /* AddPowerBall.swift in Sources */ = {isa = PBXBuildFile; fileRef = 5F4E326429368A5E0028DBC7 /* AddPowerBall.swift */; };
		5F4E328029368A5E0028DBC7 /* CocoaTouch.swift in Sources */ = {isa = PBXBuildFile; fileRef = 5F4E326629368A5E0028DBC7 /* CocoaTouch.swift */; };
		5F4E328129368A5E0028DBC7 /* Keyboard.swift in Sources */ = {isa = PBXBuildFile; fileRef = 5F4E326729368A5E0028DBC7 /* Keyboard.swift */; };
		5F4E328229368A5E0028DBC7 /* Keyboard.sks in Resources */ = {isa = PBXBuildFile; fileRef = 5F4E326829368A5E0028DBC7 /* Keyboard.sks */; };
		5F4E328329368A5E0028DBC7 /* UpdateScene.swift in Sources */ = {isa = PBXBuildFile; fileRef = 5F4E326A29368A5E0028DBC7 /* UpdateScene.swift */; };
		5F4E328429368A5E0028DBC7 /* SetHighScore.swift in Sources */ = {isa = PBXBuildFile; fileRef = 5F4E326B29368A5E0028DBC7 /* SetHighScore.swift */; };
		5F4E328529368A5E0028DBC7 /* DidBeginContact.swift in Sources */ = {isa = PBXBuildFile; fileRef = 5F4E326C29368A5E0028DBC7 /* DidBeginContact.swift */; };
		5F4E328629368A5E0028DBC7 /* BrickChecker.swift in Sources */ = {isa = PBXBuildFile; fileRef = 5F4E326E29368A5E0028DBC7 /* BrickChecker.swift */; };
		5F4E328729368A5E0028DBC7 /* GetReady.swift in Sources */ = {isa = PBXBuildFile; fileRef = 5F4E326F29368A5E0028DBC7 /* GetReady.swift */; };
		5F4E328829368A5E0028DBC7 /* TileMapRun.swift in Sources */ = {isa = PBXBuildFile; fileRef = 5F4E327029368A5E0028DBC7 /* TileMapRun.swift */; };
		5F4E328929368A5E0028DBC7 /* ResetGameBoard.swift in Sources */ = {isa = PBXBuildFile; fileRef = 5F4E327129368A5E0028DBC7 /* ResetGameBoard.swift */; };
		5F4E328A29368A5E0028DBC7 /* DrawMiddies.swift in Sources */ = {isa = PBXBuildFile; fileRef = 5F4E327329368A5E0028DBC7 /* DrawMiddies.swift */; };
		5F4E328B29368A5E0028DBC7 /* DrawGoal.swift in Sources */ = {isa = PBXBuildFile; fileRef = 5F4E327429368A5E0028DBC7 /* DrawGoal.swift */; };
		5F4E328C29368A5E0028DBC7 /* DrawBricks.swift in Sources */ = {isa = PBXBuildFile; fileRef = 5F4E327529368A5E0028DBC7 /* DrawBricks.swift */; };
		5F4E328D29368A5E0028DBC7 /* DrawCenterCourt.swift in Sources */ = {isa = PBXBuildFile; fileRef = 5F4E327629368A5E0028DBC7 /* DrawCenterCourt.swift */; };
		5F4E328E29368A5E0028DBC7 /* DrawPaddle.swift in Sources */ = {isa = PBXBuildFile; fileRef = 5F4E327729368A5E0028DBC7 /* DrawPaddle.swift */; };
		5F4E328F29368A5E0028DBC7 /* DrawEdgeLoop.swift in Sources */ = {isa = PBXBuildFile; fileRef = 5F4E327829368A5E0028DBC7 /* DrawEdgeLoop.swift */; };
		5F4E329029368A5E0028DBC7 /* DrawHUD.swift in Sources */ = {isa = PBXBuildFile; fileRef = 5F4E327929368A5E0028DBC7 /* DrawHUD.swift */; };
		5F4E329129368A5E0028DBC7 /* DrawWalls.swift in Sources */ = {isa = PBXBuildFile; fileRef = 5F4E327A29368A5E0028DBC7 /* DrawWalls.swift */; };
		5F4E329229368A5E0028DBC7 /* DrawLevel.swift in Sources */ = {isa = PBXBuildFile; fileRef = 5F4E327B29368A5E0028DBC7 /* DrawLevel.swift */; };
		5F4E329329368A5E0028DBC7 /* DrawParallax.swift in Sources */ = {isa = PBXBuildFile; fileRef = 5F4E327C29368A5E0028DBC7 /* DrawParallax.swift */; };
		5F4E329529368A750028DBC7 /* Speech.swift in Sources */ = {isa = PBXBuildFile; fileRef = 5F4E329429368A750028DBC7 /* Speech.swift */; };
		5F4E329729368A900028DBC7 /* LevelPosition.swift in Sources */ = {isa = PBXBuildFile; fileRef = 5F4E329629368A900028DBC7 /* LevelPosition.swift */; };
		5F5E03CE2940DE1400CD8D85 /* Container.swift in Sources */ = {isa = PBXBuildFile; fileRef = 5F5E03CD2940DE1400CD8D85 /* Container.swift */; };
		5F5E03D229415BF600CD8D85 /* GameLeader.sks in Resources */ = {isa = PBXBuildFile; fileRef = 5F5E03D029415BF600CD8D85 /* GameLeader.sks */; };
		5F5E03D329415BF600CD8D85 /* GameLeader.swift in Sources */ = {isa = PBXBuildFile; fileRef = 5F5E03D129415BF600CD8D85 /* GameLeader.swift */; };
		5F5E03D52942C50B00CD8D85 /* LeaderBoardIO.swift in Sources */ = {isa = PBXBuildFile; fileRef = 5F5E03D42942C50B00CD8D85 /* LeaderBoardIO.swift */; };
		5FA85591293695BC00D988A9 /* SceneDidLoad.swift in Sources */ = {isa = PBXBuildFile; fileRef = 5FA85590293695BC00D988A9 /* SceneDidLoad.swift */; };
		5FCE24592936C9CB0015C6ED /* Dah.mp3 in Resources */ = {isa = PBXBuildFile; fileRef = 5FCE24552936C9CB0015C6ED /* Dah.mp3 */; };
		5FCE245A2936C9CB0015C6ED /* Knock.mp3 in Resources */ = {isa = PBXBuildFile; fileRef = 5FCE24562936C9CB0015C6ED /* Knock.mp3 */; };
		5FCE245B2936C9CB0015C6ED /* Bip.mp3 in Resources */ = {isa = PBXBuildFile; fileRef = 5FCE24572936C9CB0015C6ED /* Bip.mp3 */; };
		5FCE245C2936C9CB0015C6ED /* Dat.mp3 in Resources */ = {isa = PBXBuildFile; fileRef = 5FCE24582936C9CB0015C6ED /* Dat.mp3 */; };
		5FEC19C929367DEE008239D6 /* AppDelegate.swift in Sources */ = {isa = PBXBuildFile; fileRef = 5FEC19C829367DEE008239D6 /* AppDelegate.swift */; };
		5FEC19CF29367DEE008239D6 /* GameScene.swift in Sources */ = {isa = PBXBuildFile; fileRef = 5FEC19CE29367DEE008239D6 /* GameScene.swift */; };
		5FEC19D129367DEE008239D6 /* GameViewController.swift in Sources */ = {isa = PBXBuildFile; fileRef = 5FEC19D029367DEE008239D6 /* GameViewController.swift */; };
		5FEC19D429367DEE008239D6 /* Main.storyboard in Resources */ = {isa = PBXBuildFile; fileRef = 5FEC19D229367DEE008239D6 /* Main.storyboard */; };
		5FEC19D629367DEF008239D6 /* Assets.xcassets in Resources */ = {isa = PBXBuildFile; fileRef = 5FEC19D529367DEF008239D6 /* Assets.xcassets */; };
		5FEC19D929367DEF008239D6 /* LaunchScreen.storyboard in Resources */ = {isa = PBXBuildFile; fileRef = 5FEC19D729367DEF008239D6 /* LaunchScreen.storyboard */; };
		5FFCCD3F2944E24500E1E0AF /* GamerTag.swift in Sources */ = {isa = PBXBuildFile; fileRef = 5FFCCD3E2944E24500E1E0AF /* GamerTag.swift */; };
/* End PBXBuildFile section */

/* Begin PBXFileReference section */
		5F4E315A293681C40028DBC7 /* Info.plist */ = {isa = PBXFileReference; lastKnownFileType = text.plist; path = Info.plist; sourceTree = "<group>"; };
		5F4E315C293681D80028DBC7 /* SpaceBarColors.ttf */ = {isa = PBXFileReference; lastKnownFileType = file; path = SpaceBarColors.ttf; sourceTree = "<group>"; };
		5F4E315D293681D80028DBC7 /* emulogic.ttf */ = {isa = PBXFileReference; lastKnownFileType = file; path = emulogic.ttf; sourceTree = "<group>"; };
		5F4E3160293681E30028DBC7 /* GameMenu.swift */ = {isa = PBXFileReference; fileEncoding = 4; lastKnownFileType = sourcecode.swift; path = GameMenu.swift; sourceTree = "<group>"; };
		5F4E3161293681E30028DBC7 /* GameMenu.sks */ = {isa = PBXFileReference; lastKnownFileType = file.sks; path = GameMenu.sks; sourceTree = "<group>"; };
		5F4E31642936827E0028DBC7 /* Global.swift */ = {isa = PBXFileReference; fileEncoding = 4; lastKnownFileType = sourcecode.swift; path = Global.swift; sourceTree = "<group>"; };
		5F4E3166293682980028DBC7 /* Settings.swift */ = {isa = PBXFileReference; fileEncoding = 4; lastKnownFileType = sourcecode.swift; path = Settings.swift; sourceTree = "<group>"; };
		5F4E3168293682A30028DBC7 /* ScreenSize.swift */ = {isa = PBXFileReference; fileEncoding = 4; lastKnownFileType = sourcecode.swift; path = ScreenSize.swift; sourceTree = "<group>"; };
		5F4E316A2936887A0028DBC7 /* GameScene.sks */ = {isa = PBXFileReference; lastKnownFileType = file.sks; path = GameScene.sks; sourceTree = "<group>"; };
		5F4E316C2936898B0028DBC7 /* GameSceneDelegate.swift */ = {isa = PBXFileReference; fileEncoding = 4; lastKnownFileType = sourcecode.swift; path = GameSceneDelegate.swift; sourceTree = "<group>"; };
		5F4E3189293689DD0028DBC7 /* level88.sks */ = {isa = PBXFileReference; lastKnownFileType = file.sks; path = level88.sks; sourceTree = "<group>"; };
		5F4E318A293689DD0028DBC7 /* level89.sks */ = {isa = PBXFileReference; lastKnownFileType = file.sks; path = level89.sks; sourceTree = "<group>"; };
		5F4E318B293689DD0028DBC7 /* level82.sks */ = {isa = PBXFileReference; lastKnownFileType = file.sks; path = level82.sks; sourceTree = "<group>"; };
		5F4E318C293689DD0028DBC7 /* level83.sks */ = {isa = PBXFileReference; lastKnownFileType = file.sks; path = level83.sks; sourceTree = "<group>"; };
		5F4E318D293689DD0028DBC7 /* level81.sks */ = {isa = PBXFileReference; lastKnownFileType = file.sks; path = level81.sks; sourceTree = "<group>"; };
		5F4E318E293689DD0028DBC7 /* level90.sks */ = {isa = PBXFileReference; lastKnownFileType = file.sks; path = level90.sks; sourceTree = "<group>"; };
		5F4E318F293689DD0028DBC7 /* level84.sks */ = {isa = PBXFileReference; lastKnownFileType = file.sks; path = level84.sks; sourceTree = "<group>"; };
		5F4E3190293689DD0028DBC7 /* level85.sks */ = {isa = PBXFileReference; lastKnownFileType = file.sks; path = level85.sks; sourceTree = "<group>"; };
		5F4E3191293689DD0028DBC7 /* level87.sks */ = {isa = PBXFileReference; lastKnownFileType = file.sks; path = level87.sks; sourceTree = "<group>"; };
		5F4E3192293689DD0028DBC7 /* level86.sks */ = {isa = PBXFileReference; lastKnownFileType = file.sks; path = level86.sks; sourceTree = "<group>"; };
		5F4E3194293689DD0028DBC7 /* level28.sks */ = {isa = PBXFileReference; lastKnownFileType = file.sks; path = level28.sks; sourceTree = "<group>"; };
		5F4E3195293689DD0028DBC7 /* level29.sks */ = {isa = PBXFileReference; lastKnownFileType = file.sks; path = level29.sks; sourceTree = "<group>"; };
		5F4E3196293689DD0028DBC7 /* level22.sks */ = {isa = PBXFileReference; lastKnownFileType = file.sks; path = level22.sks; sourceTree = "<group>"; };
		5F4E3197293689DD0028DBC7 /* level23.sks */ = {isa = PBXFileReference; lastKnownFileType = file.sks; path = level23.sks; sourceTree = "<group>"; };
		5F4E3198293689DD0028DBC7 /* level21.sks */ = {isa = PBXFileReference; lastKnownFileType = file.sks; path = level21.sks; sourceTree = "<group>"; };
		5F4E3199293689DD0028DBC7 /* level30.sks */ = {isa = PBXFileReference; lastKnownFileType = file.sks; path = level30.sks; sourceTree = "<group>"; };
		5F4E319A293689DD0028DBC7 /* level24.sks */ = {isa = PBXFileReference; lastKnownFileType = file.sks; path = level24.sks; sourceTree = "<group>"; };
		5F4E319B293689DD0028DBC7 /* level25.sks */ = {isa = PBXFileReference; lastKnownFileType = file.sks; path = level25.sks; sourceTree = "<group>"; };
		5F4E319C293689DD0028DBC7 /* level27.sks */ = {isa = PBXFileReference; lastKnownFileType = file.sks; path = level27.sks; sourceTree = "<group>"; };
		5F4E319D293689DD0028DBC7 /* level26.sks */ = {isa = PBXFileReference; lastKnownFileType = file.sks; path = level26.sks; sourceTree = "<group>"; };
		5F4E319F293689DD0028DBC7 /* level74.sks */ = {isa = PBXFileReference; lastKnownFileType = file.sks; path = level74.sks; sourceTree = "<group>"; };
		5F4E31A0293689DD0028DBC7 /* level75.sks */ = {isa = PBXFileReference; lastKnownFileType = file.sks; path = level75.sks; sourceTree = "<group>"; };
		5F4E31A1293689DD0028DBC7 /* level77.sks */ = {isa = PBXFileReference; lastKnownFileType = file.sks; path = level77.sks; sourceTree = "<group>"; };
		5F4E31A2293689DD0028DBC7 /* level76.sks */ = {isa = PBXFileReference; lastKnownFileType = file.sks; path = level76.sks; sourceTree = "<group>"; };
		5F4E31A3293689DD0028DBC7 /* level72.sks */ = {isa = PBXFileReference; lastKnownFileType = file.sks; path = level72.sks; sourceTree = "<group>"; };
		5F4E31A4293689DD0028DBC7 /* level73.sks */ = {isa = PBXFileReference; lastKnownFileType = file.sks; path = level73.sks; sourceTree = "<group>"; };
		5F4E31A5293689DD0028DBC7 /* level71.sks */ = {isa = PBXFileReference; lastKnownFileType = file.sks; path = level71.sks; sourceTree = "<group>"; };
		5F4E31A6293689DD0028DBC7 /* level80.sks */ = {isa = PBXFileReference; lastKnownFileType = file.sks; path = level80.sks; sourceTree = "<group>"; };
		5F4E31A7293689DD0028DBC7 /* level78.sks */ = {isa = PBXFileReference; lastKnownFileType = file.sks; path = level78.sks; sourceTree = "<group>"; };
		5F4E31A8293689DD0028DBC7 /* level79.sks */ = {isa = PBXFileReference; lastKnownFileType = file.sks; path = level79.sks; sourceTree = "<group>"; };
		5F4E31AA293689DD0028DBC7 /* level99.sks */ = {isa = PBXFileReference; lastKnownFileType = file.sks; path = level99.sks; sourceTree = "<group>"; };
		5F4E31AB293689DD0028DBC7 /* level98.sks */ = {isa = PBXFileReference; lastKnownFileType = file.sks; path = level98.sks; sourceTree = "<group>"; };
		5F4E31AC293689DD0028DBC7 /* level96.sks */ = {isa = PBXFileReference; lastKnownFileType = file.sks; path = level96.sks; sourceTree = "<group>"; };
		5F4E31AD293689DD0028DBC7 /* level97.sks */ = {isa = PBXFileReference; lastKnownFileType = file.sks; path = level97.sks; sourceTree = "<group>"; };
		5F4E31AE293689DD0028DBC7 /* level95.sks */ = {isa = PBXFileReference; lastKnownFileType = file.sks; path = level95.sks; sourceTree = "<group>"; };
		5F4E31AF293689DD0028DBC7 /* level94.sks */ = {isa = PBXFileReference; lastKnownFileType = file.sks; path = level94.sks; sourceTree = "<group>"; };
		5F4E31B0293689DD0028DBC7 /* level91.sks */ = {isa = PBXFileReference; lastKnownFileType = file.sks; path = level91.sks; sourceTree = "<group>"; };
		5F4E31B1293689DD0028DBC7 /* level93.sks */ = {isa = PBXFileReference; lastKnownFileType = file.sks; path = level93.sks; sourceTree = "<group>"; };
		5F4E31B2293689DD0028DBC7 /* level92.sks */ = {isa = PBXFileReference; lastKnownFileType = file.sks; path = level92.sks; sourceTree = "<group>"; };
		5F4E31B3293689DD0028DBC7 /* level100.sks */ = {isa = PBXFileReference; lastKnownFileType = file.sks; path = level100.sks; sourceTree = "<group>"; };
		5F4E31B4293689DD0028DBC7 /* hexTileSet.sks */ = {isa = PBXFileReference; lastKnownFileType = file.sks; path = hexTileSet.sks; sourceTree = "<group>"; };
		5F4E31B5293689DD0028DBC7 /* gridTileSet.sks */ = {isa = PBXFileReference; lastKnownFileType = file.sks; path = gridTileSet.sks; sourceTree = "<group>"; };
		5F4E31B7293689DD0028DBC7 /* level48.sks */ = {isa = PBXFileReference; lastKnownFileType = file.sks; path = level48.sks; sourceTree = "<group>"; };
		5F4E31B8293689DD0028DBC7 /* level49.sks */ = {isa = PBXFileReference; lastKnownFileType = file.sks; path = level49.sks; sourceTree = "<group>"; };
		5F4E31B9293689DD0028DBC7 /* level41.sks */ = {isa = PBXFileReference; lastKnownFileType = file.sks; path = level41.sks; sourceTree = "<group>"; };
		5F4E31BA293689DD0028DBC7 /* level42.sks */ = {isa = PBXFileReference; lastKnownFileType = file.sks; path = level42.sks; sourceTree = "<group>"; };
		5F4E31BB293689DD0028DBC7 /* level43.sks */ = {isa = PBXFileReference; lastKnownFileType = file.sks; path = level43.sks; sourceTree = "<group>"; };
		5F4E31BC293689DD0028DBC7 /* level47.sks */ = {isa = PBXFileReference; lastKnownFileType = file.sks; path = level47.sks; sourceTree = "<group>"; };
		5F4E31BD293689DD0028DBC7 /* level46.sks */ = {isa = PBXFileReference; lastKnownFileType = file.sks; path = level46.sks; sourceTree = "<group>"; };
		5F4E31BE293689DD0028DBC7 /* level44.sks */ = {isa = PBXFileReference; lastKnownFileType = file.sks; path = level44.sks; sourceTree = "<group>"; };
		5F4E31BF293689DD0028DBC7 /* level50.sks */ = {isa = PBXFileReference; lastKnownFileType = file.sks; path = level50.sks; sourceTree = "<group>"; };
		5F4E31C0293689DD0028DBC7 /* level45.sks */ = {isa = PBXFileReference; lastKnownFileType = file.sks; path = level45.sks; sourceTree = "<group>"; };
		5F4E31C2293689DD0028DBC7 /* level60.sks */ = {isa = PBXFileReference; lastKnownFileType = file.sks; path = level60.sks; sourceTree = "<group>"; };
		5F4E31C3293689DD0028DBC7 /* level59.sks */ = {isa = PBXFileReference; lastKnownFileType = file.sks; path = level59.sks; sourceTree = "<group>"; };
		5F4E31C4293689DD0028DBC7 /* level58.sks */ = {isa = PBXFileReference; lastKnownFileType = file.sks; path = level58.sks; sourceTree = "<group>"; };
		5F4E31C5293689DD0028DBC7 /* level55.sks */ = {isa = PBXFileReference; lastKnownFileType = file.sks; path = level55.sks; sourceTree = "<group>"; };
		5F4E31C6293689DD0028DBC7 /* level54.sks */ = {isa = PBXFileReference; lastKnownFileType = file.sks; path = level54.sks; sourceTree = "<group>"; };
		5F4E31C7293689DD0028DBC7 /* level56.sks */ = {isa = PBXFileReference; lastKnownFileType = file.sks; path = level56.sks; sourceTree = "<group>"; };
		5F4E31C8293689DD0028DBC7 /* level57.sks */ = {isa = PBXFileReference; lastKnownFileType = file.sks; path = level57.sks; sourceTree = "<group>"; };
		5F4E31C9293689DD0028DBC7 /* level53.sks */ = {isa = PBXFileReference; lastKnownFileType = file.sks; path = level53.sks; sourceTree = "<group>"; };
		5F4E31CA293689DD0028DBC7 /* level52.sks */ = {isa = PBXFileReference; lastKnownFileType = file.sks; path = level52.sks; sourceTree = "<group>"; };
		5F4E31CB293689DD0028DBC7 /* level51.sks */ = {isa = PBXFileReference; lastKnownFileType = file.sks; path = level51.sks; sourceTree = "<group>"; };
		5F4E31CD293689DD0028DBC7 /* level61.sks */ = {isa = PBXFileReference; lastKnownFileType = file.sks; path = level61.sks; sourceTree = "<group>"; };
		5F4E31CE293689DD0028DBC7 /* level63.sks */ = {isa = PBXFileReference; lastKnownFileType = file.sks; path = level63.sks; sourceTree = "<group>"; };
		5F4E31CF293689DD0028DBC7 /* level62.sks */ = {isa = PBXFileReference; lastKnownFileType = file.sks; path = level62.sks; sourceTree = "<group>"; };
		5F4E31D0293689DD0028DBC7 /* level66.sks */ = {isa = PBXFileReference; lastKnownFileType = file.sks; path = level66.sks; sourceTree = "<group>"; };
		5F4E31D1293689DD0028DBC7 /* level67.sks */ = {isa = PBXFileReference; lastKnownFileType = file.sks; path = level67.sks; sourceTree = "<group>"; };
		5F4E31D2293689DD0028DBC7 /* level65.sks */ = {isa = PBXFileReference; lastKnownFileType = file.sks; path = level65.sks; sourceTree = "<group>"; };
		5F4E31D3293689DD0028DBC7 /* level70.sks */ = {isa = PBXFileReference; lastKnownFileType = file.sks; path = level70.sks; sourceTree = "<group>"; };
		5F4E31D4293689DD0028DBC7 /* level64.sks */ = {isa = PBXFileReference; lastKnownFileType = file.sks; path = level64.sks; sourceTree = "<group>"; };
		5F4E31D5293689DD0028DBC7 /* level69.sks */ = {isa = PBXFileReference; lastKnownFileType = file.sks; path = level69.sks; sourceTree = "<group>"; };
		5F4E31D6293689DD0028DBC7 /* level68.sks */ = {isa = PBXFileReference; lastKnownFileType = file.sks; path = level68.sks; sourceTree = "<group>"; };
		5F4E31D8293689DD0028DBC7 /* level17.sks */ = {isa = PBXFileReference; lastKnownFileType = file.sks; path = level17.sks; sourceTree = "<group>"; };
		5F4E31D9293689DD0028DBC7 /* level16.sks */ = {isa = PBXFileReference; lastKnownFileType = file.sks; path = level16.sks; sourceTree = "<group>"; };
		5F4E31DA293689DD0028DBC7 /* level14.sks */ = {isa = PBXFileReference; lastKnownFileType = file.sks; path = level14.sks; sourceTree = "<group>"; };
		5F4E31DB293689DD0028DBC7 /* level15.sks */ = {isa = PBXFileReference; lastKnownFileType = file.sks; path = level15.sks; sourceTree = "<group>"; };
		5F4E31DC293689DD0028DBC7 /* level11.sks */ = {isa = PBXFileReference; lastKnownFileType = file.sks; path = level11.sks; sourceTree = "<group>"; };
		5F4E31DD293689DD0028DBC7 /* level12.sks */ = {isa = PBXFileReference; lastKnownFileType = file.sks; path = level12.sks; sourceTree = "<group>"; };
		5F4E31DE293689DD0028DBC7 /* level13.sks */ = {isa = PBXFileReference; lastKnownFileType = file.sks; path = level13.sks; sourceTree = "<group>"; };
		5F4E31DF293689DD0028DBC7 /* level20.sks */ = {isa = PBXFileReference; lastKnownFileType = file.sks; path = level20.sks; sourceTree = "<group>"; };
		5F4E31E0293689DD0028DBC7 /* level18.sks */ = {isa = PBXFileReference; lastKnownFileType = file.sks; path = level18.sks; sourceTree = "<group>"; };
		5F4E31E1293689DD0028DBC7 /* level19.sks */ = {isa = PBXFileReference; lastKnownFileType = file.sks; path = level19.sks; sourceTree = "<group>"; };
		5F4E31E3293689DD0028DBC7 /* level39.sks */ = {isa = PBXFileReference; lastKnownFileType = file.sks; path = level39.sks; sourceTree = "<group>"; };
		5F4E31E4293689DD0028DBC7 /* level38.sks */ = {isa = PBXFileReference; lastKnownFileType = file.sks; path = level38.sks; sourceTree = "<group>"; };
		5F4E31E5293689DD0028DBC7 /* level40.sks */ = {isa = PBXFileReference; lastKnownFileType = file.sks; path = level40.sks; sourceTree = "<group>"; };
		5F4E31E6293689DD0028DBC7 /* level36.sks */ = {isa = PBXFileReference; lastKnownFileType = file.sks; path = level36.sks; sourceTree = "<group>"; };
		5F4E31E7293689DD0028DBC7 /* level37.sks */ = {isa = PBXFileReference; lastKnownFileType = file.sks; path = level37.sks; sourceTree = "<group>"; };
		5F4E31E8293689DD0028DBC7 /* level35.sks */ = {isa = PBXFileReference; lastKnownFileType = file.sks; path = level35.sks; sourceTree = "<group>"; };
		5F4E31E9293689DD0028DBC7 /* level34.sks */ = {isa = PBXFileReference; lastKnownFileType = file.sks; path = level34.sks; sourceTree = "<group>"; };
		5F4E31EA293689DD0028DBC7 /* level31.sks */ = {isa = PBXFileReference; lastKnownFileType = file.sks; path = level31.sks; sourceTree = "<group>"; };
		5F4E31EB293689DD0028DBC7 /* level33.sks */ = {isa = PBXFileReference; lastKnownFileType = file.sks; path = level33.sks; sourceTree = "<group>"; };
		5F4E31EC293689DD0028DBC7 /* level32.sks */ = {isa = PBXFileReference; lastKnownFileType = file.sks; path = level32.sks; sourceTree = "<group>"; };
		5F4E31EE293689DD0028DBC7 /* level9.sks */ = {isa = PBXFileReference; lastKnownFileType = file.sks; path = level9.sks; sourceTree = "<group>"; };
		5F4E31EF293689DD0028DBC7 /* level8.sks */ = {isa = PBXFileReference; lastKnownFileType = file.sks; path = level8.sks; sourceTree = "<group>"; };
		5F4E31F0293689DD0028DBC7 /* level10.sks */ = {isa = PBXFileReference; lastKnownFileType = file.sks; path = level10.sks; sourceTree = "<group>"; };
		5F4E31F1293689DD0028DBC7 /* level1.sks */ = {isa = PBXFileReference; lastKnownFileType = file.sks; path = level1.sks; sourceTree = "<group>"; };
		5F4E31F2293689DD0028DBC7 /* level3.sks */ = {isa = PBXFileReference; lastKnownFileType = file.sks; path = level3.sks; sourceTree = "<group>"; };
		5F4E31F3293689DD0028DBC7 /* level2.sks */ = {isa = PBXFileReference; lastKnownFileType = file.sks; path = level2.sks; sourceTree = "<group>"; };
		5F4E31F4293689DD0028DBC7 /* level6.sks */ = {isa = PBXFileReference; lastKnownFileType = file.sks; path = level6.sks; sourceTree = "<group>"; };
		5F4E31F5293689DD0028DBC7 /* level7.sks */ = {isa = PBXFileReference; lastKnownFileType = file.sks; path = level7.sks; sourceTree = "<group>"; };
		5F4E31F6293689DD0028DBC7 /* level5.sks */ = {isa = PBXFileReference; lastKnownFileType = file.sks; path = level5.sks; sourceTree = "<group>"; };
		5F4E31F7293689DD0028DBC7 /* level4.sks */ = {isa = PBXFileReference; lastKnownFileType = file.sks; path = level4.sks; sourceTree = "<group>"; };
		5F4E325E293689F20028DBC7 /* ViewDidMove.swift */ = {isa = PBXFileReference; fileEncoding = 4; lastKnownFileType = sourcecode.swift; path = ViewDidMove.swift; sourceTree = "<group>"; };
		5F4E326229368A5E0028DBC7 /* AddPuck.swift */ = {isa = PBXFileReference; fileEncoding = 4; lastKnownFileType = sourcecode.swift; path = AddPuck.swift; sourceTree = "<group>"; };
		5F4E326329368A5E0028DBC7 /* RemovePowerBall.swift */ = {isa = PBXFileReference; fileEncoding = 4; lastKnownFileType = sourcecode.swift; path = RemovePowerBall.swift; sourceTree = "<group>"; };
		5F4E326429368A5E0028DBC7 /* AddPowerBall.swift */ = {isa = PBXFileReference; fileEncoding = 4; lastKnownFileType = sourcecode.swift; path = AddPowerBall.swift; sourceTree = "<group>"; };
		5F4E326629368A5E0028DBC7 /* CocoaTouch.swift */ = {isa = PBXFileReference; fileEncoding = 4; lastKnownFileType = sourcecode.swift; path = CocoaTouch.swift; sourceTree = "<group>"; };
		5F4E326729368A5E0028DBC7 /* Keyboard.swift */ = {isa = PBXFileReference; fileEncoding = 4; lastKnownFileType = sourcecode.swift; path = Keyboard.swift; sourceTree = "<group>"; };
		5F4E326829368A5E0028DBC7 /* Keyboard.sks */ = {isa = PBXFileReference; lastKnownFileType = file.sks; path = Keyboard.sks; sourceTree = "<group>"; };
		5F4E326A29368A5E0028DBC7 /* UpdateScene.swift */ = {isa = PBXFileReference; fileEncoding = 4; lastKnownFileType = sourcecode.swift; path = UpdateScene.swift; sourceTree = "<group>"; };
		5F4E326B29368A5E0028DBC7 /* SetHighScore.swift */ = {isa = PBXFileReference; fileEncoding = 4; lastKnownFileType = sourcecode.swift; path = SetHighScore.swift; sourceTree = "<group>"; };
		5F4E326C29368A5E0028DBC7 /* DidBeginContact.swift */ = {isa = PBXFileReference; fileEncoding = 4; lastKnownFileType = sourcecode.swift; path = DidBeginContact.swift; sourceTree = "<group>"; };
		5F4E326E29368A5E0028DBC7 /* BrickChecker.swift */ = {isa = PBXFileReference; fileEncoding = 4; lastKnownFileType = sourcecode.swift; path = BrickChecker.swift; sourceTree = "<group>"; };
		5F4E326F29368A5E0028DBC7 /* GetReady.swift */ = {isa = PBXFileReference; fileEncoding = 4; lastKnownFileType = sourcecode.swift; path = GetReady.swift; sourceTree = "<group>"; };
		5F4E327029368A5E0028DBC7 /* TileMapRun.swift */ = {isa = PBXFileReference; fileEncoding = 4; lastKnownFileType = sourcecode.swift; path = TileMapRun.swift; sourceTree = "<group>"; };
		5F4E327129368A5E0028DBC7 /* ResetGameBoard.swift */ = {isa = PBXFileReference; fileEncoding = 4; lastKnownFileType = sourcecode.swift; path = ResetGameBoard.swift; sourceTree = "<group>"; };
		5F4E327329368A5E0028DBC7 /* DrawMiddies.swift */ = {isa = PBXFileReference; fileEncoding = 4; lastKnownFileType = sourcecode.swift; path = DrawMiddies.swift; sourceTree = "<group>"; };
		5F4E327429368A5E0028DBC7 /* DrawGoal.swift */ = {isa = PBXFileReference; fileEncoding = 4; lastKnownFileType = sourcecode.swift; path = DrawGoal.swift; sourceTree = "<group>"; };
		5F4E327529368A5E0028DBC7 /* DrawBricks.swift */ = {isa = PBXFileReference; fileEncoding = 4; lastKnownFileType = sourcecode.swift; path = DrawBricks.swift; sourceTree = "<group>"; };
		5F4E327629368A5E0028DBC7 /* DrawCenterCourt.swift */ = {isa = PBXFileReference; fileEncoding = 4; lastKnownFileType = sourcecode.swift; path = DrawCenterCourt.swift; sourceTree = "<group>"; };
		5F4E327729368A5E0028DBC7 /* DrawPaddle.swift */ = {isa = PBXFileReference; fileEncoding = 4; lastKnownFileType = sourcecode.swift; path = DrawPaddle.swift; sourceTree = "<group>"; };
		5F4E327829368A5E0028DBC7 /* DrawEdgeLoop.swift */ = {isa = PBXFileReference; fileEncoding = 4; lastKnownFileType = sourcecode.swift; path = DrawEdgeLoop.swift; sourceTree = "<group>"; };
		5F4E327929368A5E0028DBC7 /* DrawHUD.swift */ = {isa = PBXFileReference; fileEncoding = 4; lastKnownFileType = sourcecode.swift; path = DrawHUD.swift; sourceTree = "<group>"; };
		5F4E327A29368A5E0028DBC7 /* DrawWalls.swift */ = {isa = PBXFileReference; fileEncoding = 4; lastKnownFileType = sourcecode.swift; path = DrawWalls.swift; sourceTree = "<group>"; };
		5F4E327B29368A5E0028DBC7 /* DrawLevel.swift */ = {isa = PBXFileReference; fileEncoding = 4; lastKnownFileType = sourcecode.swift; path = DrawLevel.swift; sourceTree = "<group>"; };
		5F4E327C29368A5E0028DBC7 /* DrawParallax.swift */ = {isa = PBXFileReference; fileEncoding = 4; lastKnownFileType = sourcecode.swift; path = DrawParallax.swift; sourceTree = "<group>"; };
		5F4E329429368A750028DBC7 /* Speech.swift */ = {isa = PBXFileReference; fileEncoding = 4; lastKnownFileType = sourcecode.swift; path = Speech.swift; sourceTree = "<group>"; };
		5F4E329629368A900028DBC7 /* LevelPosition.swift */ = {isa = PBXFileReference; fileEncoding = 4; lastKnownFileType = sourcecode.swift; path = LevelPosition.swift; sourceTree = "<group>"; };
		5F5E03CD2940DE1400CD8D85 /* Container.swift */ = {isa = PBXFileReference; lastKnownFileType = sourcecode.swift; path = Container.swift; sourceTree = "<group>"; };
		5F5E03D029415BF600CD8D85 /* GameLeader.sks */ = {isa = PBXFileReference; lastKnownFileType = file.sks; name = GameLeader.sks; path = "Space-Bar/GameLeader/GameLeader.sks"; sourceTree = SOURCE_ROOT; };
		5F5E03D129415BF600CD8D85 /* GameLeader.swift */ = {isa = PBXFileReference; fileEncoding = 4; lastKnownFileType = sourcecode.swift; name = GameLeader.swift; path = "Space-Bar/GameLeader/GameLeader.swift"; sourceTree = SOURCE_ROOT; };
		5F5E03D42942C50B00CD8D85 /* LeaderBoardIO.swift */ = {isa = PBXFileReference; lastKnownFileType = sourcecode.swift; path = LeaderBoardIO.swift; sourceTree = "<group>"; };
		5FA85590293695BC00D988A9 /* SceneDidLoad.swift */ = {isa = PBXFileReference; fileEncoding = 4; lastKnownFileType = sourcecode.swift; path = SceneDidLoad.swift; sourceTree = "<group>"; };
		5FCE24552936C9CB0015C6ED /* Dah.mp3 */ = {isa = PBXFileReference; lastKnownFileType = audio.mp3; name = Dah.mp3; path = "/Users/todd/SpaceBar2/Space-Bar/Space-Bar/Sounds/Dah.mp3"; sourceTree = "<absolute>"; };
		5FCE24562936C9CB0015C6ED /* Knock.mp3 */ = {isa = PBXFileReference; lastKnownFileType = audio.mp3; name = Knock.mp3; path = "/Users/todd/SpaceBar2/Space-Bar/Space-Bar/Sounds/Knock.mp3"; sourceTree = "<absolute>"; };
		5FCE24572936C9CB0015C6ED /* Bip.mp3 */ = {isa = PBXFileReference; lastKnownFileType = audio.mp3; name = Bip.mp3; path = "/Users/todd/SpaceBar2/Space-Bar/Space-Bar/Sounds/Bip.mp3"; sourceTree = "<absolute>"; };
		5FCE24582936C9CB0015C6ED /* Dat.mp3 */ = {isa = PBXFileReference; lastKnownFileType = audio.mp3; name = Dat.mp3; path = "/Users/todd/SpaceBar2/Space-Bar/Space-Bar/Sounds/Dat.mp3"; sourceTree = "<absolute>"; };
		5FEC19C529367DEE008239D6 /* Space-Bar.app */ = {isa = PBXFileReference; explicitFileType = wrapper.application; includeInIndex = 0; path = "Space-Bar.app"; sourceTree = BUILT_PRODUCTS_DIR; };
		5FEC19C829367DEE008239D6 /* AppDelegate.swift */ = {isa = PBXFileReference; lastKnownFileType = sourcecode.swift; path = AppDelegate.swift; sourceTree = "<group>"; };
		5FEC19CE29367DEE008239D6 /* GameScene.swift */ = {isa = PBXFileReference; lastKnownFileType = sourcecode.swift; path = GameScene.swift; sourceTree = "<group>"; };
		5FEC19D029367DEE008239D6 /* GameViewController.swift */ = {isa = PBXFileReference; lastKnownFileType = sourcecode.swift; path = GameViewController.swift; sourceTree = "<group>"; };
		5FEC19D329367DEE008239D6 /* Base */ = {isa = PBXFileReference; lastKnownFileType = file.storyboard; name = Base; path = Base.lproj/Main.storyboard; sourceTree = "<group>"; };
		5FEC19D529367DEF008239D6 /* Assets.xcassets */ = {isa = PBXFileReference; lastKnownFileType = folder.assetcatalog; path = Assets.xcassets; sourceTree = "<group>"; };
		5FEC19D829367DEF008239D6 /* Base */ = {isa = PBXFileReference; lastKnownFileType = file.storyboard; name = Base; path = Base.lproj/LaunchScreen.storyboard; sourceTree = "<group>"; };
		5FEC19DF29367E26008239D6 /* Space-Bar.entitlements */ = {isa = PBXFileReference; lastKnownFileType = text.plist.entitlements; path = "Space-Bar.entitlements"; sourceTree = "<group>"; };
		5FFCCD3E2944E24500E1E0AF /* GamerTag.swift */ = {isa = PBXFileReference; lastKnownFileType = sourcecode.swift; path = GamerTag.swift; sourceTree = "<group>"; };
/* End PBXFileReference section */

/* Begin PBXFrameworksBuildPhase section */
		5FEC19C229367DEE008239D6 /* Frameworks */ = {
			isa = PBXFrameworksBuildPhase;
			buildActionMask = 2147483647;
			files = (
			);
			runOnlyForDeploymentPostprocessing = 0;
		};
/* End PBXFrameworksBuildPhase section */

/* Begin PBXGroup section */
		5F4B0B212936B23E005245AB /* GameMenu */ = {
			isa = PBXGroup;
			children = (
				5F4E3160293681E30028DBC7 /* GameMenu.swift */,
				5F4E3161293681E30028DBC7 /* GameMenu.sks */,
			);
			path = GameMenu;
			sourceTree = "<group>";
		};
		5F4B0B222936B253005245AB /* GameScene */ = {
			isa = PBXGroup;
			children = (
				5FEC19CE29367DEE008239D6 /* GameScene.swift */,
				5F4E316A2936887A0028DBC7 /* GameScene.sks */,
				5F4E316C2936898B0028DBC7 /* GameSceneDelegate.swift */,
				5FA85590293695BC00D988A9 /* SceneDidLoad.swift */,
				5F4E325E293689F20028DBC7 /* ViewDidMove.swift */,
				5F4E326C29368A5E0028DBC7 /* DidBeginContact.swift */,
				5F4E326A29368A5E0028DBC7 /* UpdateScene.swift */,
			);
			path = GameScene;
			sourceTree = "<group>";
		};
		5F4B0B232936B273005245AB /* Settings */ = {
			isa = PBXGroup;
			children = (
				5F4E326B29368A5E0028DBC7 /* SetHighScore.swift */,
				5F4E329629368A900028DBC7 /* LevelPosition.swift */,
				5F4E31642936827E0028DBC7 /* Global.swift */,
				5F4E3166293682980028DBC7 /* Settings.swift */,
				5F4E329429368A750028DBC7 /* Speech.swift */,
				5F4E3168293682A30028DBC7 /* ScreenSize.swift */,
			);
			path = Settings;
			sourceTree = "<group>";
		};
		5F4E315B293681D80028DBC7 /* Fonts */ = {
			isa = PBXGroup;
			children = (
				5F4E315C293681D80028DBC7 /* SpaceBarColors.ttf */,
				5F4E315D293681D80028DBC7 /* emulogic.ttf */,
			);
			path = Fonts;
			sourceTree = "<group>";
		};
		5F4E316E293689B90028DBC7 /* Sounds */ = {
			isa = PBXGroup;
			children = (
				5FCE24572936C9CB0015C6ED /* Bip.mp3 */,
				5FCE24552936C9CB0015C6ED /* Dah.mp3 */,
				5FCE24582936C9CB0015C6ED /* Dat.mp3 */,
				5FCE24562936C9CB0015C6ED /* Knock.mp3 */,
			);
			path = Sounds;
			sourceTree = "<group>";
		};
		5F4E3187293689DD0028DBC7 /* Levels */ = {
			isa = PBXGroup;
			children = (
				5F4E31B5293689DD0028DBC7 /* gridTileSet.sks */,
				5F4E31B4293689DD0028DBC7 /* hexTileSet.sks */,
				5F4E31ED293689DD0028DBC7 /* levels 1-10  */,
				5F4E31D7293689DD0028DBC7 /* levels 11-20 */,
				5F4E3193293689DD0028DBC7 /* levels 21-30 */,
				5F4E31E2293689DD0028DBC7 /* levels 31-40 */,
				5F4E31B6293689DD0028DBC7 /* levels 41-50 */,
				5F4E31C1293689DD0028DBC7 /* levels 51-60 */,
				5F4E31CC293689DD0028DBC7 /* levels 61-70 */,
				5F4E319E293689DD0028DBC7 /* levels 71-80 */,
				5F4E3188293689DD0028DBC7 /* levels 81-90 */,
				5F4E31A9293689DD0028DBC7 /* levels 91-100 */,
			);
			path = Levels;
			sourceTree = "<group>";
		};
		5F4E3188293689DD0028DBC7 /* levels 81-90 */ = {
			isa = PBXGroup;
			children = (
				5F4E318D293689DD0028DBC7 /* level81.sks */,
				5F4E318B293689DD0028DBC7 /* level82.sks */,
				5F4E318C293689DD0028DBC7 /* level83.sks */,
				5F4E318F293689DD0028DBC7 /* level84.sks */,
				5F4E3190293689DD0028DBC7 /* level85.sks */,
				5F4E3192293689DD0028DBC7 /* level86.sks */,
				5F4E3191293689DD0028DBC7 /* level87.sks */,
				5F4E3189293689DD0028DBC7 /* level88.sks */,
				5F4E318A293689DD0028DBC7 /* level89.sks */,
				5F4E318E293689DD0028DBC7 /* level90.sks */,
			);
			path = "levels 81-90";
			sourceTree = "<group>";
		};
		5F4E3193293689DD0028DBC7 /* levels 21-30 */ = {
			isa = PBXGroup;
			children = (
				5F4E3198293689DD0028DBC7 /* level21.sks */,
				5F4E3196293689DD0028DBC7 /* level22.sks */,
				5F4E3197293689DD0028DBC7 /* level23.sks */,
				5F4E319A293689DD0028DBC7 /* level24.sks */,
				5F4E319B293689DD0028DBC7 /* level25.sks */,
				5F4E319D293689DD0028DBC7 /* level26.sks */,
				5F4E319C293689DD0028DBC7 /* level27.sks */,
				5F4E3194293689DD0028DBC7 /* level28.sks */,
				5F4E3195293689DD0028DBC7 /* level29.sks */,
				5F4E3199293689DD0028DBC7 /* level30.sks */,
			);
			path = "levels 21-30";
			sourceTree = "<group>";
		};
		5F4E319E293689DD0028DBC7 /* levels 71-80 */ = {
			isa = PBXGroup;
			children = (
				5F4E31A5293689DD0028DBC7 /* level71.sks */,
				5F4E31A3293689DD0028DBC7 /* level72.sks */,
				5F4E31A4293689DD0028DBC7 /* level73.sks */,
				5F4E319F293689DD0028DBC7 /* level74.sks */,
				5F4E31A0293689DD0028DBC7 /* level75.sks */,
				5F4E31A2293689DD0028DBC7 /* level76.sks */,
				5F4E31A1293689DD0028DBC7 /* level77.sks */,
				5F4E31A7293689DD0028DBC7 /* level78.sks */,
				5F4E31A8293689DD0028DBC7 /* level79.sks */,
				5F4E31A6293689DD0028DBC7 /* level80.sks */,
			);
			path = "levels 71-80";
			sourceTree = "<group>";
		};
		5F4E31A9293689DD0028DBC7 /* levels 91-100 */ = {
			isa = PBXGroup;
			children = (
				5F4E31B0293689DD0028DBC7 /* level91.sks */,
				5F4E31B2293689DD0028DBC7 /* level92.sks */,
				5F4E31B1293689DD0028DBC7 /* level93.sks */,
				5F4E31AF293689DD0028DBC7 /* level94.sks */,
				5F4E31AE293689DD0028DBC7 /* level95.sks */,
				5F4E31AC293689DD0028DBC7 /* level96.sks */,
				5F4E31AD293689DD0028DBC7 /* level97.sks */,
				5F4E31AB293689DD0028DBC7 /* level98.sks */,
				5F4E31AA293689DD0028DBC7 /* level99.sks */,
				5F4E31B3293689DD0028DBC7 /* level100.sks */,
			);
			path = "levels 91-100";
			sourceTree = "<group>";
		};
		5F4E31B6293689DD0028DBC7 /* levels 41-50 */ = {
			isa = PBXGroup;
			children = (
				5F4E31B9293689DD0028DBC7 /* level41.sks */,
				5F4E31BA293689DD0028DBC7 /* level42.sks */,
				5F4E31BB293689DD0028DBC7 /* level43.sks */,
				5F4E31BE293689DD0028DBC7 /* level44.sks */,
				5F4E31C0293689DD0028DBC7 /* level45.sks */,
				5F4E31BD293689DD0028DBC7 /* level46.sks */,
				5F4E31BC293689DD0028DBC7 /* level47.sks */,
				5F4E31B7293689DD0028DBC7 /* level48.sks */,
				5F4E31B8293689DD0028DBC7 /* level49.sks */,
				5F4E31BF293689DD0028DBC7 /* level50.sks */,
			);
			path = "levels 41-50";
			sourceTree = "<group>";
		};
		5F4E31C1293689DD0028DBC7 /* levels 51-60 */ = {
			isa = PBXGroup;
			children = (
				5F4E31CB293689DD0028DBC7 /* level51.sks */,
				5F4E31CA293689DD0028DBC7 /* level52.sks */,
				5F4E31C9293689DD0028DBC7 /* level53.sks */,
				5F4E31C6293689DD0028DBC7 /* level54.sks */,
				5F4E31C5293689DD0028DBC7 /* level55.sks */,
				5F4E31C7293689DD0028DBC7 /* level56.sks */,
				5F4E31C8293689DD0028DBC7 /* level57.sks */,
				5F4E31C4293689DD0028DBC7 /* level58.sks */,
				5F4E31C3293689DD0028DBC7 /* level59.sks */,
				5F4E31C2293689DD0028DBC7 /* level60.sks */,
			);
			path = "levels 51-60";
			sourceTree = "<group>";
		};
		5F4E31CC293689DD0028DBC7 /* levels 61-70 */ = {
			isa = PBXGroup;
			children = (
				5F4E31CD293689DD0028DBC7 /* level61.sks */,
				5F4E31CF293689DD0028DBC7 /* level62.sks */,
				5F4E31CE293689DD0028DBC7 /* level63.sks */,
				5F4E31D4293689DD0028DBC7 /* level64.sks */,
				5F4E31D2293689DD0028DBC7 /* level65.sks */,
				5F4E31D0293689DD0028DBC7 /* level66.sks */,
				5F4E31D1293689DD0028DBC7 /* level67.sks */,
				5F4E31D6293689DD0028DBC7 /* level68.sks */,
				5F4E31D5293689DD0028DBC7 /* level69.sks */,
				5F4E31D3293689DD0028DBC7 /* level70.sks */,
			);
			path = "levels 61-70";
			sourceTree = "<group>";
		};
		5F4E31D7293689DD0028DBC7 /* levels 11-20 */ = {
			isa = PBXGroup;
			children = (
				5F4E31DC293689DD0028DBC7 /* level11.sks */,
				5F4E31DD293689DD0028DBC7 /* level12.sks */,
				5F4E31DE293689DD0028DBC7 /* level13.sks */,
				5F4E31DA293689DD0028DBC7 /* level14.sks */,
				5F4E31DB293689DD0028DBC7 /* level15.sks */,
				5F4E31D9293689DD0028DBC7 /* level16.sks */,
				5F4E31D8293689DD0028DBC7 /* level17.sks */,
				5F4E31E0293689DD0028DBC7 /* level18.sks */,
				5F4E31E1293689DD0028DBC7 /* level19.sks */,
				5F4E31DF293689DD0028DBC7 /* level20.sks */,
			);
			path = "levels 11-20";
			sourceTree = "<group>";
		};
		5F4E31E2293689DD0028DBC7 /* levels 31-40 */ = {
			isa = PBXGroup;
			children = (
				5F4E31EA293689DD0028DBC7 /* level31.sks */,
				5F4E31EC293689DD0028DBC7 /* level32.sks */,
				5F4E31EB293689DD0028DBC7 /* level33.sks */,
				5F4E31E9293689DD0028DBC7 /* level34.sks */,
				5F4E31E8293689DD0028DBC7 /* level35.sks */,
				5F4E31E6293689DD0028DBC7 /* level36.sks */,
				5F4E31E7293689DD0028DBC7 /* level37.sks */,
				5F4E31E4293689DD0028DBC7 /* level38.sks */,
				5F4E31E3293689DD0028DBC7 /* level39.sks */,
				5F4E31E5293689DD0028DBC7 /* level40.sks */,
			);
			path = "levels 31-40";
			sourceTree = "<group>";
		};
		5F4E31ED293689DD0028DBC7 /* levels 1-10  */ = {
			isa = PBXGroup;
			children = (
				5F4E31F1293689DD0028DBC7 /* level1.sks */,
				5F4E31F3293689DD0028DBC7 /* level2.sks */,
				5F4E31F2293689DD0028DBC7 /* level3.sks */,
				5F4E31F7293689DD0028DBC7 /* level4.sks */,
				5F4E31F6293689DD0028DBC7 /* level5.sks */,
				5F4E31F4293689DD0028DBC7 /* level6.sks */,
				5F4E31F5293689DD0028DBC7 /* level7.sks */,
				5F4E31EF293689DD0028DBC7 /* level8.sks */,
				5F4E31EE293689DD0028DBC7 /* level9.sks */,
				5F4E31F0293689DD0028DBC7 /* level10.sks */,
			);
			path = "levels 1-10 ";
			sourceTree = "<group>";
		};
		5F4E326029368A5E0028DBC7 /* Game */ = {
			isa = PBXGroup;
			children = (
				5F4E326129368A5E0028DBC7 /* Balls */,
				5F4E326529368A5E0028DBC7 /* IO */,
				5F4E326D29368A5E0028DBC7 /* Levels */,
				5F4E327229368A5E0028DBC7 /* Draw */,
			);
			path = Game;
			sourceTree = "<group>";
		};
		5F4E326129368A5E0028DBC7 /* Balls */ = {
			isa = PBXGroup;
			children = (
				5F4E326229368A5E0028DBC7 /* AddPuck.swift */,
				5F4E326329368A5E0028DBC7 /* RemovePowerBall.swift */,
				5F4E326429368A5E0028DBC7 /* AddPowerBall.swift */,
			);
			path = Balls;
			sourceTree = "<group>";
		};
		5F4E326529368A5E0028DBC7 /* IO */ = {
			isa = PBXGroup;
			children = (
				5F4E326629368A5E0028DBC7 /* CocoaTouch.swift */,
				5F4E326729368A5E0028DBC7 /* Keyboard.swift */,
				5F4E326829368A5E0028DBC7 /* Keyboard.sks */,
			);
			path = IO;
			sourceTree = "<group>";
		};
		5F4E326D29368A5E0028DBC7 /* Levels */ = {
			isa = PBXGroup;
			children = (
				5F4E326E29368A5E0028DBC7 /* BrickChecker.swift */,
				5F4E326F29368A5E0028DBC7 /* GetReady.swift */,
				5F4E327029368A5E0028DBC7 /* TileMapRun.swift */,
				5F4E327129368A5E0028DBC7 /* ResetGameBoard.swift */,
			);
			path = Levels;
			sourceTree = "<group>";
		};
		5F4E327229368A5E0028DBC7 /* Draw */ = {
			isa = PBXGroup;
			children = (
				5F4E327329368A5E0028DBC7 /* DrawMiddies.swift */,
				5F4E327429368A5E0028DBC7 /* DrawGoal.swift */,
				5F4E327529368A5E0028DBC7 /* DrawBricks.swift */,
				5F4E327629368A5E0028DBC7 /* DrawCenterCourt.swift */,
				5F4E327729368A5E0028DBC7 /* DrawPaddle.swift */,
				5F4E327829368A5E0028DBC7 /* DrawEdgeLoop.swift */,
				5F4E327929368A5E0028DBC7 /* DrawHUD.swift */,
				5F4E327A29368A5E0028DBC7 /* DrawWalls.swift */,
				5F4E327B29368A5E0028DBC7 /* DrawLevel.swift */,
				5F4E327C29368A5E0028DBC7 /* DrawParallax.swift */,
			);
			path = Draw;
			sourceTree = "<group>";
		};
		5F5E03CF29415BE400CD8D85 /* GameLeader */ = {
			isa = PBXGroup;
			children = (
				5FFCCD3E2944E24500E1E0AF /* GamerTag.swift */,
				5F5E03D129415BF600CD8D85 /* GameLeader.swift */,
				5F5E03D029415BF600CD8D85 /* GameLeader.sks */,
				5F5E03D42942C50B00CD8D85 /* LeaderBoardIO.swift */,
			);
			name = GameLeader;
			path = GameMenu/GameLeader;
			sourceTree = "<group>";
		};
		5FEC19BC29367DEE008239D6 = {
			isa = PBXGroup;
			children = (
				5FEC19C729367DEE008239D6 /* Space-Bar */,
				5FEC19C629367DEE008239D6 /* Products */,
			);
			sourceTree = "<group>";
		};
		5FEC19C629367DEE008239D6 /* Products */ = {
			isa = PBXGroup;
			children = (
				5FEC19C529367DEE008239D6 /* Space-Bar.app */,
			);
			name = Products;
			sourceTree = "<group>";
		};
		5FEC19C729367DEE008239D6 /* Space-Bar */ = {
			isa = PBXGroup;
			children = (
				5FEC19C829367DEE008239D6 /* AppDelegate.swift */,
				5F5E03CD2940DE1400CD8D85 /* Container.swift */,
				5FEC19D029367DEE008239D6 /* GameViewController.swift */,
				5F4E315A293681C40028DBC7 /* Info.plist */,
				5F5E03CF29415BE400CD8D85 /* GameLeader */,
				5F4B0B212936B23E005245AB /* GameMenu */,
				5F4B0B222936B253005245AB /* GameScene */,
				5F4E326029368A5E0028DBC7 /* Game */,
				5F4B0B232936B273005245AB /* Settings */,
				5F4E3187293689DD0028DBC7 /* Levels */,
				5F4E316E293689B90028DBC7 /* Sounds */,
				5F4E315B293681D80028DBC7 /* Fonts */,
				5FEC19D529367DEF008239D6 /* Assets.xcassets */,
				5FEC19DF29367E26008239D6 /* Space-Bar.entitlements */,
				5FEC19D229367DEE008239D6 /* Main.storyboard */,
				5FEC19D729367DEF008239D6 /* LaunchScreen.storyboard */,
			);
			path = "Space-Bar";
			sourceTree = "<group>";
		};
/* End PBXGroup section */

/* Begin PBXNativeTarget section */
		5FEC19C429367DEE008239D6 /* Space-Bar */ = {
			isa = PBXNativeTarget;
			buildConfigurationList = 5FEC19DC29367DEF008239D6 /* Build configuration list for PBXNativeTarget "Space-Bar" */;
			buildPhases = (
				5FEC19C129367DEE008239D6 /* Sources */,
				5FEC19C229367DEE008239D6 /* Frameworks */,
				5FEC19C329367DEE008239D6 /* Resources */,
			);
			buildRules = (
			);
			dependencies = (
			);
			name = "Space-Bar";
			productName = "Space-Bar";
			productReference = 5FEC19C529367DEE008239D6 /* Space-Bar.app */;
			productType = "com.apple.product-type.application";
		};
/* End PBXNativeTarget section */

/* Begin PBXProject section */
		5FEC19BD29367DEE008239D6 /* Project object */ = {
			isa = PBXProject;
			attributes = {
				BuildIndependentTargetsInParallel = 1;
				LastSwiftUpdateCheck = 1410;
				LastUpgradeCheck = 1410;
				TargetAttributes = {
					5FEC19C429367DEE008239D6 = {
						CreatedOnToolsVersion = 14.1;
					};
				};
			};
			buildConfigurationList = 5FEC19C029367DEE008239D6 /* Build configuration list for PBXProject "Space-Bar" */;
			compatibilityVersion = "Xcode 14.0";
			developmentRegion = en;
			hasScannedForEncodings = 0;
			knownRegions = (
				en,
				Base,
			);
			mainGroup = 5FEC19BC29367DEE008239D6;
			productRefGroup = 5FEC19C629367DEE008239D6 /* Products */;
			projectDirPath = "";
			projectRoot = "";
			targets = (
				5FEC19C429367DEE008239D6 /* Space-Bar */,
			);
		};
/* End PBXProject section */

/* Begin PBXResourcesBuildPhase section */
		5FEC19C329367DEE008239D6 /* Resources */ = {
			isa = PBXResourcesBuildPhase;
			buildActionMask = 2147483647;
			files = (
				5F4E3204293689DD0028DBC7 /* level22.sks in Resources */,
				5F4E3238293689DD0028DBC7 /* level62.sks in Resources */,
				5F4E3226293689DD0028DBC7 /* level43.sks in Resources */,
				5F4E3229293689DD0028DBC7 /* level44.sks in Resources */,
				5F4E3228293689DD0028DBC7 /* level46.sks in Resources */,
				5F4E324E293689DD0028DBC7 /* level37.sks in Resources */,
				5F4E3246293689DD0028DBC7 /* level13.sks in Resources */,
				5F4E3212293689DD0028DBC7 /* level71.sks in Resources */,
				5F4E3216293689DD0028DBC7 /* level99.sks in Resources */,
				5F4E3245293689DD0028DBC7 /* level12.sks in Resources */,
				5F4E3202293689DD0028DBC7 /* level28.sks in Resources */,
				5F4E3242293689DD0028DBC7 /* level14.sks in Resources */,
				5F4E324C293689DD0028DBC7 /* level40.sks in Resources */,
				5F4E323D293689DD0028DBC7 /* level64.sks in Resources */,
				5F4E3208293689DD0028DBC7 /* level24.sks in Resources */,
				5F4E3250293689DD0028DBC7 /* level34.sks in Resources */,
				5F4E325D293689DD0028DBC7 /* level4.sks in Resources */,
				5F4E323A293689DD0028DBC7 /* level67.sks in Resources */,
				5F4E3201293689DD0028DBC7 /* level86.sks in Resources */,
				5F4E328229368A5E0028DBC7 /* Keyboard.sks in Resources */,
				5F4E3219293689DD0028DBC7 /* level97.sks in Resources */,
				5F4E31FC293689DD0028DBC7 /* level81.sks in Resources */,
				5F4E3244293689DD0028DBC7 /* level11.sks in Resources */,
				5F4E3213293689DD0028DBC7 /* level80.sks in Resources */,
				5F4E3214293689DD0028DBC7 /* level78.sks in Resources */,
				5F4E3223293689DD0028DBC7 /* level49.sks in Resources */,
				5F4E3240293689DD0028DBC7 /* level17.sks in Resources */,
				5F4E3254293689DD0028DBC7 /* level9.sks in Resources */,
				5F4E322B293689DD0028DBC7 /* level45.sks in Resources */,
				5F4E325A293689DD0028DBC7 /* level6.sks in Resources */,
				5F4E323C293689DD0028DBC7 /* level70.sks in Resources */,
				5F4E3210293689DD0028DBC7 /* level72.sks in Resources */,
				5F4E3256293689DD0028DBC7 /* level10.sks in Resources */,
				5F4E320D293689DD0028DBC7 /* level75.sks in Resources */,
				5F4E322C293689DD0028DBC7 /* level60.sks in Resources */,
				5F4E3211293689DD0028DBC7 /* level73.sks in Resources */,
				5F4E323E293689DD0028DBC7 /* level69.sks in Resources */,
				5F4E325B293689DD0028DBC7 /* level7.sks in Resources */,
				5F4E31F9293689DD0028DBC7 /* level89.sks in Resources */,
				5F4E3253293689DD0028DBC7 /* level32.sks in Resources */,
				5F4E320E293689DD0028DBC7 /* level77.sks in Resources */,
				5F4E323B293689DD0028DBC7 /* level65.sks in Resources */,
				5F4E31FA293689DD0028DBC7 /* level82.sks in Resources */,
				5FEC19D429367DEE008239D6 /* Main.storyboard in Resources */,
				5F4E321B293689DD0028DBC7 /* level94.sks in Resources */,
				5F4E3241293689DD0028DBC7 /* level16.sks in Resources */,
				5F4E3207293689DD0028DBC7 /* level30.sks in Resources */,
				5F4E3243293689DD0028DBC7 /* level15.sks in Resources */,
				5F4E324A293689DD0028DBC7 /* level39.sks in Resources */,
				5F4E3237293689DD0028DBC7 /* level63.sks in Resources */,
				5F4E320C293689DD0028DBC7 /* level74.sks in Resources */,
				5F4E3249293689DD0028DBC7 /* level19.sks in Resources */,
				5F5E03D229415BF600CD8D85 /* GameLeader.sks in Resources */,
				5F4E3232293689DD0028DBC7 /* level57.sks in Resources */,
				5F4E322F293689DD0028DBC7 /* level55.sks in Resources */,
				5F4E320F293689DD0028DBC7 /* level76.sks in Resources */,
				5F4E3203293689DD0028DBC7 /* level29.sks in Resources */,
				5F4E31FF293689DD0028DBC7 /* level85.sks in Resources */,
				5F4E324D293689DD0028DBC7 /* level36.sks in Resources */,
				5F4E3224293689DD0028DBC7 /* level41.sks in Resources */,
				5F4E3234293689DD0028DBC7 /* level52.sks in Resources */,
				5F4E3215293689DD0028DBC7 /* level79.sks in Resources */,
				5F4E3218293689DD0028DBC7 /* level96.sks in Resources */,
				5F4E322D293689DD0028DBC7 /* level59.sks in Resources */,
				5F4E322E293689DD0028DBC7 /* level58.sks in Resources */,
				5F4E3209293689DD0028DBC7 /* level25.sks in Resources */,
				5F4E31FB293689DD0028DBC7 /* level83.sks in Resources */,
				5F4E3222293689DD0028DBC7 /* level48.sks in Resources */,
				5F4E3236293689DD0028DBC7 /* level61.sks in Resources */,
				5FCE24592936C9CB0015C6ED /* Dah.mp3 in Resources */,
				5F4E324F293689DD0028DBC7 /* level35.sks in Resources */,
				5F4E3225293689DD0028DBC7 /* level42.sks in Resources */,
				5F4E3252293689DD0028DBC7 /* level33.sks in Resources */,
				5F4E3220293689DD0028DBC7 /* hexTileSet.sks in Resources */,
				5F4E3163293681E30028DBC7 /* GameMenu.sks in Resources */,
				5F4E3239293689DD0028DBC7 /* level66.sks in Resources */,
				5F4E3217293689DD0028DBC7 /* level98.sks in Resources */,
				5F4E321A293689DD0028DBC7 /* level95.sks in Resources */,
				5F4E323F293689DD0028DBC7 /* level68.sks in Resources */,
				5F4E3259293689DD0028DBC7 /* level2.sks in Resources */,
				5F4E3247293689DD0028DBC7 /* level20.sks in Resources */,
				5F4E3206293689DD0028DBC7 /* level21.sks in Resources */,
				5FEC19D629367DEF008239D6 /* Assets.xcassets in Resources */,
				5F4E3258293689DD0028DBC7 /* level3.sks in Resources */,
				5F4E324B293689DD0028DBC7 /* level38.sks in Resources */,
				5F4E320B293689DD0028DBC7 /* level26.sks in Resources */,
				5F4E322A293689DD0028DBC7 /* level50.sks in Resources */,
				5F4E3233293689DD0028DBC7 /* level53.sks in Resources */,
				5F4E31F8293689DD0028DBC7 /* level88.sks in Resources */,
				5F4E3200293689DD0028DBC7 /* level87.sks in Resources */,
				5FCE245B2936C9CB0015C6ED /* Bip.mp3 in Resources */,
				5FCE245C2936C9CB0015C6ED /* Dat.mp3 in Resources */,
				5FCE245A2936C9CB0015C6ED /* Knock.mp3 in Resources */,
				5FEC19D929367DEF008239D6 /* LaunchScreen.storyboard in Resources */,
				5F4E3257293689DD0028DBC7 /* level1.sks in Resources */,
				5F4E3230293689DD0028DBC7 /* level54.sks in Resources */,
				5F4E316B2936887A0028DBC7 /* GameScene.sks in Resources */,
				5F4E3248293689DD0028DBC7 /* level18.sks in Resources */,
				5F4E3251293689DD0028DBC7 /* level31.sks in Resources */,
				5F4E321C293689DD0028DBC7 /* level91.sks in Resources */,
				5F4E315F293681D80028DBC7 /* emulogic.ttf in Resources */,
				5F4E3231293689DD0028DBC7 /* level56.sks in Resources */,
				5F4E320A293689DD0028DBC7 /* level27.sks in Resources */,
				5F4E3221293689DD0028DBC7 /* gridTileSet.sks in Resources */,
				5F4E315E293681D80028DBC7 /* SpaceBarColors.ttf in Resources */,
				5F4E3235293689DD0028DBC7 /* level51.sks in Resources */,
				5F4E3227293689DD0028DBC7 /* level47.sks in Resources */,
				5F4E321D293689DD0028DBC7 /* level93.sks in Resources */,
				5F4E3205293689DD0028DBC7 /* level23.sks in Resources */,
				5F4E325C293689DD0028DBC7 /* level5.sks in Resources */,
				5F4E321F293689DD0028DBC7 /* level100.sks in Resources */,
				5F4E321E293689DD0028DBC7 /* level92.sks in Resources */,
				5F4E3255293689DD0028DBC7 /* level8.sks in Resources */,
				5F4E31FE293689DD0028DBC7 /* level84.sks in Resources */,
				5F4E31FD293689DD0028DBC7 /* level90.sks in Resources */,
			);
			runOnlyForDeploymentPostprocessing = 0;
		};
/* End PBXResourcesBuildPhase section */

/* Begin PBXSourcesBuildPhase section */
		5FEC19C129367DEE008239D6 /* Sources */ = {
			isa = PBXSourcesBuildPhase;
			buildActionMask = 2147483647;
			files = (
				5F4E3167293682980028DBC7 /* Settings.swift in Sources */,
				5F4E3162293681E30028DBC7 /* GameMenu.swift in Sources */,
				5F4E328129368A5E0028DBC7 /* Keyboard.swift in Sources */,
				5FFCCD3F2944E24500E1E0AF /* GamerTag.swift in Sources */,
				5F4E325F293689F20028DBC7 /* ViewDidMove.swift in Sources */,
				5FEC19CF29367DEE008239D6 /* GameScene.swift in Sources */,
				5F4E329329368A5E0028DBC7 /* DrawParallax.swift in Sources */,
				5F4E329129368A5E0028DBC7 /* DrawWalls.swift in Sources */,
				5F4E328F29368A5E0028DBC7 /* DrawEdgeLoop.swift in Sources */,
				5F4E328429368A5E0028DBC7 /* SetHighScore.swift in Sources */,
				5F4E327D29368A5E0028DBC7 /* AddPuck.swift in Sources */,
				5F4E328C29368A5E0028DBC7 /* DrawBricks.swift in Sources */,
				5F4E328A29368A5E0028DBC7 /* DrawMiddies.swift in Sources */,
				5F4E328929368A5E0028DBC7 /* ResetGameBoard.swift in Sources */,
				5F4E329229368A5E0028DBC7 /* DrawLevel.swift in Sources */,
				5F5E03D52942C50B00CD8D85 /* LeaderBoardIO.swift in Sources */,
				5F4E328B29368A5E0028DBC7 /* DrawGoal.swift in Sources */,
				5F4E328529368A5E0028DBC7 /* DidBeginContact.swift in Sources */,
				5FEC19D129367DEE008239D6 /* GameViewController.swift in Sources */,
				5F4E328E29368A5E0028DBC7 /* DrawPaddle.swift in Sources */,
				5FA85591293695BC00D988A9 /* SceneDidLoad.swift in Sources */,
				5F4E329029368A5E0028DBC7 /* DrawHUD.swift in Sources */,
				5F4E328629368A5E0028DBC7 /* BrickChecker.swift in Sources */,
				5F4E3169293682A30028DBC7 /* ScreenSize.swift in Sources */,
				5F5E03D329415BF600CD8D85 /* GameLeader.swift in Sources */,
				5F4E327E29368A5E0028DBC7 /* RemovePowerBall.swift in Sources */,
				5F4E328829368A5E0028DBC7 /* TileMapRun.swift in Sources */,
				5F4E328329368A5E0028DBC7 /* UpdateScene.swift in Sources */,
				5F4E316D2936898B0028DBC7 /* GameSceneDelegate.swift in Sources */,
				5F4E31652936827E0028DBC7 /* Global.swift in Sources */,
				5F4E329729368A900028DBC7 /* LevelPosition.swift in Sources */,
				5F4E328729368A5E0028DBC7 /* GetReady.swift in Sources */,
				5F4E328D29368A5E0028DBC7 /* DrawCenterCourt.swift in Sources */,
				5F4E327F29368A5E0028DBC7 /* AddPowerBall.swift in Sources */,
				5F4E328029368A5E0028DBC7 /* CocoaTouch.swift in Sources */,
				5F5E03CE2940DE1400CD8D85 /* Container.swift in Sources */,
				5FEC19C929367DEE008239D6 /* AppDelegate.swift in Sources */,
				5F4E329529368A750028DBC7 /* Speech.swift in Sources */,
			);
			runOnlyForDeploymentPostprocessing = 0;
		};
/* End PBXSourcesBuildPhase section */

/* Begin PBXVariantGroup section */
		5FEC19D229367DEE008239D6 /* Main.storyboard */ = {
			isa = PBXVariantGroup;
			children = (
				5FEC19D329367DEE008239D6 /* Base */,
			);
			name = Main.storyboard;
			sourceTree = "<group>";
		};
		5FEC19D729367DEF008239D6 /* LaunchScreen.storyboard */ = {
			isa = PBXVariantGroup;
			children = (
				5FEC19D829367DEF008239D6 /* Base */,
			);
			name = LaunchScreen.storyboard;
			sourceTree = "<group>";
		};
/* End PBXVariantGroup section */

/* Begin XCBuildConfiguration section */
		5FEC19DA29367DEF008239D6 /* Debug */ = {
			isa = XCBuildConfiguration;
			buildSettings = {
				ALWAYS_SEARCH_USER_PATHS = NO;
				CLANG_ANALYZER_NONNULL = YES;
				CLANG_ANALYZER_NUMBER_OBJECT_CONVERSION = YES_AGGRESSIVE;
				CLANG_CXX_LANGUAGE_STANDARD = "gnu++20";
				CLANG_ENABLE_MODULES = YES;
				CLANG_ENABLE_OBJC_ARC = YES;
				CLANG_ENABLE_OBJC_WEAK = YES;
				CLANG_WARN_BLOCK_CAPTURE_AUTORELEASING = YES;
				CLANG_WARN_BOOL_CONVERSION = YES;
				CLANG_WARN_COMMA = YES;
				CLANG_WARN_CONSTANT_CONVERSION = YES;
				CLANG_WARN_DEPRECATED_OBJC_IMPLEMENTATIONS = YES;
				CLANG_WARN_DIRECT_OBJC_ISA_USAGE = YES_ERROR;
				CLANG_WARN_DOCUMENTATION_COMMENTS = YES;
				CLANG_WARN_EMPTY_BODY = YES;
				CLANG_WARN_ENUM_CONVERSION = YES;
				CLANG_WARN_INFINITE_RECURSION = YES;
				CLANG_WARN_INT_CONVERSION = YES;
				CLANG_WARN_NON_LITERAL_NULL_CONVERSION = YES;
				CLANG_WARN_OBJC_IMPLICIT_RETAIN_SELF = YES;
				CLANG_WARN_OBJC_LITERAL_CONVERSION = YES;
				CLANG_WARN_OBJC_ROOT_CLASS = YES_ERROR;
				CLANG_WARN_QUOTED_INCLUDE_IN_FRAMEWORK_HEADER = YES;
				CLANG_WARN_RANGE_LOOP_ANALYSIS = YES;
				CLANG_WARN_STRICT_PROTOTYPES = YES;
				CLANG_WARN_SUSPICIOUS_MOVE = YES;
				CLANG_WARN_UNGUARDED_AVAILABILITY = YES_AGGRESSIVE;
				CLANG_WARN_UNREACHABLE_CODE = YES;
				CLANG_WARN__DUPLICATE_METHOD_MATCH = YES;
				COPY_PHASE_STRIP = NO;
				DEBUG_INFORMATION_FORMAT = dwarf;
				ENABLE_STRICT_OBJC_MSGSEND = YES;
				ENABLE_TESTABILITY = YES;
				GCC_C_LANGUAGE_STANDARD = gnu11;
				GCC_DYNAMIC_NO_PIC = NO;
				GCC_NO_COMMON_BLOCKS = YES;
				GCC_OPTIMIZATION_LEVEL = 0;
				GCC_PREPROCESSOR_DEFINITIONS = (
					"DEBUG=1",
					"$(inherited)",
				);
				GCC_WARN_64_TO_32_BIT_CONVERSION = YES;
				GCC_WARN_ABOUT_RETURN_TYPE = YES_ERROR;
				GCC_WARN_UNDECLARED_SELECTOR = YES;
				GCC_WARN_UNINITIALIZED_AUTOS = YES_AGGRESSIVE;
				GCC_WARN_UNUSED_FUNCTION = YES;
				GCC_WARN_UNUSED_VARIABLE = YES;
				IPHONEOS_DEPLOYMENT_TARGET = 12.0;
				MTL_ENABLE_DEBUG_INFO = INCLUDE_SOURCE;
				MTL_FAST_MATH = YES;
				ONLY_ACTIVE_ARCH = YES;
				SDKROOT = iphoneos;
				SWIFT_ACTIVE_COMPILATION_CONDITIONS = DEBUG;
				SWIFT_OPTIMIZATION_LEVEL = "-Onone";
			};
			name = Debug;
		};
		5FEC19DB29367DEF008239D6 /* Release */ = {
			isa = XCBuildConfiguration;
			buildSettings = {
				ALWAYS_SEARCH_USER_PATHS = NO;
				CLANG_ANALYZER_NONNULL = YES;
				CLANG_ANALYZER_NUMBER_OBJECT_CONVERSION = YES_AGGRESSIVE;
				CLANG_CXX_LANGUAGE_STANDARD = "gnu++20";
				CLANG_ENABLE_MODULES = YES;
				CLANG_ENABLE_OBJC_ARC = YES;
				CLANG_ENABLE_OBJC_WEAK = YES;
				CLANG_WARN_BLOCK_CAPTURE_AUTORELEASING = YES;
				CLANG_WARN_BOOL_CONVERSION = YES;
				CLANG_WARN_COMMA = YES;
				CLANG_WARN_CONSTANT_CONVERSION = YES;
				CLANG_WARN_DEPRECATED_OBJC_IMPLEMENTATIONS = YES;
				CLANG_WARN_DIRECT_OBJC_ISA_USAGE = YES_ERROR;
				CLANG_WARN_DOCUMENTATION_COMMENTS = YES;
				CLANG_WARN_EMPTY_BODY = YES;
				CLANG_WARN_ENUM_CONVERSION = YES;
				CLANG_WARN_INFINITE_RECURSION = YES;
				CLANG_WARN_INT_CONVERSION = YES;
				CLANG_WARN_NON_LITERAL_NULL_CONVERSION = YES;
				CLANG_WARN_OBJC_IMPLICIT_RETAIN_SELF = YES;
				CLANG_WARN_OBJC_LITERAL_CONVERSION = YES;
				CLANG_WARN_OBJC_ROOT_CLASS = YES_ERROR;
				CLANG_WARN_QUOTED_INCLUDE_IN_FRAMEWORK_HEADER = YES;
				CLANG_WARN_RANGE_LOOP_ANALYSIS = YES;
				CLANG_WARN_STRICT_PROTOTYPES = YES;
				CLANG_WARN_SUSPICIOUS_MOVE = YES;
				CLANG_WARN_UNGUARDED_AVAILABILITY = YES_AGGRESSIVE;
				CLANG_WARN_UNREACHABLE_CODE = YES;
				CLANG_WARN__DUPLICATE_METHOD_MATCH = YES;
				COPY_PHASE_STRIP = NO;
				DEBUG_INFORMATION_FORMAT = "dwarf-with-dsym";
				ENABLE_NS_ASSERTIONS = NO;
				ENABLE_STRICT_OBJC_MSGSEND = YES;
				GCC_C_LANGUAGE_STANDARD = gnu11;
				GCC_NO_COMMON_BLOCKS = YES;
				GCC_WARN_64_TO_32_BIT_CONVERSION = YES;
				GCC_WARN_ABOUT_RETURN_TYPE = YES_ERROR;
				GCC_WARN_UNDECLARED_SELECTOR = YES;
				GCC_WARN_UNINITIALIZED_AUTOS = YES_AGGRESSIVE;
				GCC_WARN_UNUSED_FUNCTION = YES;
				GCC_WARN_UNUSED_VARIABLE = YES;
				IPHONEOS_DEPLOYMENT_TARGET = 12.0;
				MTL_ENABLE_DEBUG_INFO = NO;
				MTL_FAST_MATH = YES;
				SDKROOT = iphoneos;
				SWIFT_COMPILATION_MODE = wholemodule;
				SWIFT_OPTIMIZATION_LEVEL = "-O";
				VALIDATE_PRODUCT = YES;
			};
			name = Release;
		};
		5FEC19DD29367DEF008239D6 /* Debug */ = {
			isa = XCBuildConfiguration;
			buildSettings = {
				ASSETCATALOG_COMPILER_APPICON_NAME = AppIcon;
				ASSETCATALOG_COMPILER_GLOBAL_ACCENT_COLOR_NAME = AccentColor;
				CODE_SIGN_ENTITLEMENTS = "Space-Bar/Space-Bar.entitlements";
				CODE_SIGN_STYLE = Automatic;
				CURRENT_PROJECT_VERSION = 127;
				DEVELOPMENT_TEAM = 469UCUB275;
				GENERATE_INFOPLIST_FILE = YES;
				INFOPLIST_FILE = "Space-Bar/Info.plist";
				INFOPLIST_KEY_LSApplicationCategoryType = "public.app-category.arcade-games";
				INFOPLIST_KEY_UIApplicationSupportsIndirectInputEvents = YES;
				INFOPLIST_KEY_UILaunchStoryboardName = LaunchScreen;
				INFOPLIST_KEY_UIMainStoryboardFile = Main;
				INFOPLIST_KEY_UIRequiredDeviceCapabilities = gamekit;
				INFOPLIST_KEY_UIRequiresFullScreen = YES;
				INFOPLIST_KEY_UIStatusBarHidden = YES;
				INFOPLIST_KEY_UIStatusBarStyle = UIStatusBarStyleDarkContent;
				INFOPLIST_KEY_UISupportedInterfaceOrientations = "UIInterfaceOrientationPortrait UIInterfaceOrientationPortraitUpsideDown";
				INFOPLIST_KEY_UISupportedInterfaceOrientations_iPad = "UIInterfaceOrientationLandscapeLeft UIInterfaceOrientationLandscapeRight UIInterfaceOrientationPortrait UIInterfaceOrientationPortraitUpsideDown";
				LD_RUNPATH_SEARCH_PATHS = (
					"$(inherited)",
					"@executable_path/Frameworks",
				);
				MARKETING_VERSION = 1.0.2;
				PRODUCT_BUNDLE_IDENTIFIER = com.ufoemoji.spacebar;
				PRODUCT_NAME = "$(TARGET_NAME)";
				SUPPORTED_PLATFORMS = "iphoneos iphonesimulator";
				SUPPORTS_MACCATALYST = YES;
				SUPPORTS_MAC_DESIGNED_FOR_IPHONE_IPAD = NO;
				SWIFT_EMIT_LOC_STRINGS = YES;
				SWIFT_VERSION = 5.0;
				TARGETED_DEVICE_FAMILY = "1,2,6";
			};
			name = Debug;
		};
		5FEC19DE29367DEF008239D6 /* Release */ = {
			isa = XCBuildConfiguration;
			buildSettings = {
				ASSETCATALOG_COMPILER_APPICON_NAME = AppIcon;
				ASSETCATALOG_COMPILER_GLOBAL_ACCENT_COLOR_NAME = AccentColor;
				CODE_SIGN_ENTITLEMENTS = "Space-Bar/Space-Bar.entitlements";
				CODE_SIGN_STYLE = Automatic;
				CURRENT_PROJECT_VERSION = 127;
				DEVELOPMENT_TEAM = 469UCUB275;
				GENERATE_INFOPLIST_FILE = YES;
				INFOPLIST_FILE = "Space-Bar/Info.plist";
				INFOPLIST_KEY_LSApplicationCategoryType = "public.app-category.arcade-games";
				INFOPLIST_KEY_UIApplicationSupportsIndirectInputEvents = YES;
				INFOPLIST_KEY_UILaunchStoryboardName = LaunchScreen;
				INFOPLIST_KEY_UIMainStoryboardFile = Main;
				INFOPLIST_KEY_UIRequiredDeviceCapabilities = gamekit;
				INFOPLIST_KEY_UIRequiresFullScreen = YES;
				INFOPLIST_KEY_UIStatusBarHidden = YES;
				INFOPLIST_KEY_UIStatusBarStyle = UIStatusBarStyleDarkContent;
				INFOPLIST_KEY_UISupportedInterfaceOrientations = "UIInterfaceOrientationPortrait UIInterfaceOrientationPortraitUpsideDown";
				INFOPLIST_KEY_UISupportedInterfaceOrientations_iPad = "UIInterfaceOrientationLandscapeLeft UIInterfaceOrientationLandscapeRight UIInterfaceOrientationPortrait UIInterfaceOrientationPortraitUpsideDown";
				LD_RUNPATH_SEARCH_PATHS = (
					"$(inherited)",
					"@executable_path/Frameworks",
				);
				MARKETING_VERSION = 1.0.2;
				PRODUCT_BUNDLE_IDENTIFIER = com.ufoemoji.spacebar;
				PRODUCT_NAME = "$(TARGET_NAME)";
				SUPPORTED_PLATFORMS = "iphoneos iphonesimulator";
				SUPPORTS_MACCATALYST = YES;
				SUPPORTS_MAC_DESIGNED_FOR_IPHONE_IPAD = NO;
				SWIFT_EMIT_LOC_STRINGS = YES;
				SWIFT_VERSION = 5.0;
				TARGETED_DEVICE_FAMILY = "1,2,6";
			};
			name = Release;
		};
/* End XCBuildConfiguration section */

/* Begin XCConfigurationList section */
		5FEC19C029367DEE008239D6 /* Build configuration list for PBXProject "Space-Bar" */ = {
			isa = XCConfigurationList;
			buildConfigurations = (
				5FEC19DA29367DEF008239D6 /* Debug */,
				5FEC19DB29367DEF008239D6 /* Release */,
			);
			defaultConfigurationIsVisible = 0;
			defaultConfigurationName = Release;
		};
		5FEC19DC29367DEF008239D6 /* Build configuration list for PBXNativeTarget "Space-Bar" */ = {
			isa = XCConfigurationList;
			buildConfigurations = (
				5FEC19DD29367DEF008239D6 /* Debug */,
				5FEC19DE29367DEF008239D6 /* Release */,
			);
			defaultConfigurationIsVisible = 0;
			defaultConfigurationName = Release;
		};
/* End XCConfigurationList section */
	};
	rootObject = 5FEC19BD29367DEE008239D6 /* Project object */;
}
