// !$*UTF8*$!
{
	archiveVersion = 1;
	classes = {
	};
	objectVersion = 48;
	objects = {

/* Begin PBXBuildFile section */
		5F163D18231C8A2500E341FD /* SpaceBarColors.otf in Resources */ = {isa = PBXBuildFile; fileRef = 5F163D17231C8A2500E341FD /* SpaceBarColors.otf */; };
		5F420399291368F600F7FF16 /* level71.sks in Resources */ = {isa = PBXBuildFile; fileRef = 5F420398291368F600F7FF16 /* level71.sks */; };
		5F42039B291983EB00F7FF16 /* ViewDidMove.swift in Sources */ = {isa = PBXBuildFile; fileRef = 5F42039A291983EB00F7FF16 /* ViewDidMove.swift */; };
		5F42039D291984B900F7FF16 /* DrawLevel.swift in Sources */ = {isa = PBXBuildFile; fileRef = 5F42039C291984B900F7FF16 /* DrawLevel.swift */; };
		5F42039F2919857000F7FF16 /* DrawParallax.swift in Sources */ = {isa = PBXBuildFile; fileRef = 5F42039E2919857000F7FF16 /* DrawParallax.swift */; };
		5F4203A1291985B200F7FF16 /* AddPuck.swift in Sources */ = {isa = PBXBuildFile; fileRef = 5F4203A0291985B200F7FF16 /* AddPuck.swift */; };
		5F4203A3291985EA00F7FF16 /* AddPowerBall.swift in Sources */ = {isa = PBXBuildFile; fileRef = 5F4203A2291985EA00F7FF16 /* AddPowerBall.swift */; };
		5F4203A52919868700F7FF16 /* DrawBricks.swift in Sources */ = {isa = PBXBuildFile; fileRef = 5F4203A42919868700F7FF16 /* DrawBricks.swift */; };
		5F4203A7291986C900F7FF16 /* CocoaTouch.swift in Sources */ = {isa = PBXBuildFile; fileRef = 5F4203A6291986C900F7FF16 /* CocoaTouch.swift */; };
		5F4203A92919870500F7FF16 /* ResetGameBoard.swift in Sources */ = {isa = PBXBuildFile; fileRef = 5F4203A82919870500F7FF16 /* ResetGameBoard.swift */; };
		5F4203AB2919877800F7FF16 /* DidBeginContact.swift in Sources */ = {isa = PBXBuildFile; fileRef = 5F4203AA2919877800F7FF16 /* DidBeginContact.swift */; };
		5F4203AD291987C400F7FF16 /* Update.swift in Sources */ = {isa = PBXBuildFile; fileRef = 5F4203AC291987C400F7FF16 /* Update.swift */; };
		5F4203AF2919881300F7FF16 /* BrickChecker.swift in Sources */ = {isa = PBXBuildFile; fileRef = 5F4203AE2919881300F7FF16 /* BrickChecker.swift */; };
		5F4203B12919885A00F7FF16 /* RemovePowerBall.swift in Sources */ = {isa = PBXBuildFile; fileRef = 5F4203B02919885A00F7FF16 /* RemovePowerBall.swift */; };
		5F4203B32919887500F7FF16 /* TileMapRun.swift in Sources */ = {isa = PBXBuildFile; fileRef = 5F4203B22919887500F7FF16 /* TileMapRun.swift */; };
		5F4203B5291988A600F7FF16 /* SetHighScore.swift in Sources */ = {isa = PBXBuildFile; fileRef = 5F4203B4291988A600F7FF16 /* SetHighScore.swift */; };
		5F4203B7291A90D800F7FF16 /* DrawHUD.swift in Sources */ = {isa = PBXBuildFile; fileRef = 5F4203B6291A90D800F7FF16 /* DrawHUD.swift */; };
		5F4203B9291A919600F7FF16 /* DrawWalls.swift in Sources */ = {isa = PBXBuildFile; fileRef = 5F4203B8291A919600F7FF16 /* DrawWalls.swift */; };
		5F4203BB291A951500F7FF16 /* DrawEdgeLoop.swift in Sources */ = {isa = PBXBuildFile; fileRef = 5F4203BA291A951500F7FF16 /* DrawEdgeLoop.swift */; };
		5F4203BD291A95D000F7FF16 /* DrawMiddies.swift in Sources */ = {isa = PBXBuildFile; fileRef = 5F4203BC291A95D000F7FF16 /* DrawMiddies.swift */; };
		5F4203BF291A96AF00F7FF16 /* DrawCenterCourt.swift in Sources */ = {isa = PBXBuildFile; fileRef = 5F4203BE291A96AF00F7FF16 /* DrawCenterCourt.swift */; };
		5F4203C1291A97AA00F7FF16 /* DrawGoal.swift in Sources */ = {isa = PBXBuildFile; fileRef = 5F4203C0291A97AA00F7FF16 /* DrawGoal.swift */; };
		5F4203C3291A996900F7FF16 /* DrawPaddle.swift in Sources */ = {isa = PBXBuildFile; fileRef = 5F4203C2291A996900F7FF16 /* DrawPaddle.swift */; };
		5F4203C5291A9ADE00F7FF16 /* GetReady.swift in Sources */ = {isa = PBXBuildFile; fileRef = 5F4203C4291A9ADE00F7FF16 /* GetReady.swift */; };
		5F4203D5291B245700F7FF16 /* level74.sks in Resources */ = {isa = PBXBuildFile; fileRef = 5F4203D4291B245700F7FF16 /* level74.sks */; };
		5F4203D7291B33BB00F7FF16 /* level75.sks in Resources */ = {isa = PBXBuildFile; fileRef = 5F4203D6291B33BB00F7FF16 /* level75.sks */; };
		5F4203D9291B340000F7FF16 /* level77.sks in Resources */ = {isa = PBXBuildFile; fileRef = 5F4203D8291B33FF00F7FF16 /* level77.sks */; };
		5F4203DB291B346200F7FF16 /* level81.sks in Resources */ = {isa = PBXBuildFile; fileRef = 5F4203DA291B346200F7FF16 /* level81.sks */; };
		5F4203DF291B34A400F7FF16 /* level76.sks in Resources */ = {isa = PBXBuildFile; fileRef = 5F4203DC291B34A400F7FF16 /* level76.sks */; };
		5F4203E0291B34A400F7FF16 /* level73.sks in Resources */ = {isa = PBXBuildFile; fileRef = 5F4203DD291B34A400F7FF16 /* level73.sks */; };
		5F4203E1291B34A400F7FF16 /* level78.sks in Resources */ = {isa = PBXBuildFile; fileRef = 5F4203DE291B34A400F7FF16 /* level78.sks */; };
		5F4203E3291B34E400F7FF16 /* level80.sks in Resources */ = {isa = PBXBuildFile; fileRef = 5F4203E2291B34E400F7FF16 /* level80.sks */; };
		5F4288C92906F86E00C38D01 /* level15.sks in Resources */ = {isa = PBXBuildFile; fileRef = 5F4288C82906F86E00C38D01 /* level15.sks */; };
		5F4288CB2906F8CD00C38D01 /* level19.sks in Resources */ = {isa = PBXBuildFile; fileRef = 5F4288CA2906F8CD00C38D01 /* level19.sks */; };
		5F4288CD2906F9A400C38D01 /* level46.sks in Resources */ = {isa = PBXBuildFile; fileRef = 5F4288CC2906F9A400C38D01 /* level46.sks */; };
		5F4288CF2906FBA300C38D01 /* level20.sks in Resources */ = {isa = PBXBuildFile; fileRef = 5F4288CE2906FBA300C38D01 /* level20.sks */; };
		5F4288D1290700AD00C38D01 /* level48.sks in Resources */ = {isa = PBXBuildFile; fileRef = 5F4288D0290700AD00C38D01 /* level48.sks */; };
		5F4288D32907015B00C38D01 /* level49.sks in Resources */ = {isa = PBXBuildFile; fileRef = 5F4288D22907015B00C38D01 /* level49.sks */; };
		5F4288D52907017400C38D01 /* level50.sks in Resources */ = {isa = PBXBuildFile; fileRef = 5F4288D42907017400C38D01 /* level50.sks */; };
		5F4288D72907018F00C38D01 /* level60.sks in Resources */ = {isa = PBXBuildFile; fileRef = 5F4288D62907018F00C38D01 /* level60.sks */; };
		5F4288D929072C8F00C38D01 /* level57.sks in Resources */ = {isa = PBXBuildFile; fileRef = 5F4288D829072C8F00C38D01 /* level57.sks */; };
		5F4288DB29072CA400C38D01 /* level52.sks in Resources */ = {isa = PBXBuildFile; fileRef = 5F4288DA29072CA400C38D01 /* level52.sks */; };
		5F4288DD29072CBA00C38D01 /* level53.sks in Resources */ = {isa = PBXBuildFile; fileRef = 5F4288DC29072CBA00C38D01 /* level53.sks */; };
		5F4288DF29072CCA00C38D01 /* level54.sks in Resources */ = {isa = PBXBuildFile; fileRef = 5F4288DE29072CCA00C38D01 /* level54.sks */; };
		5F4288E129072CDA00C38D01 /* level55.sks in Resources */ = {isa = PBXBuildFile; fileRef = 5F4288E029072CDA00C38D01 /* level55.sks */; };
		5F4288E329072CEE00C38D01 /* level56.sks in Resources */ = {isa = PBXBuildFile; fileRef = 5F4288E229072CEE00C38D01 /* level56.sks */; };
		5F4288E529072D0800C38D01 /* level59.sks in Resources */ = {isa = PBXBuildFile; fileRef = 5F4288E429072D0800C38D01 /* level59.sks */; };
		5F4288E729072D2300C38D01 /* level39.sks in Resources */ = {isa = PBXBuildFile; fileRef = 5F4288E629072D2200C38D01 /* level39.sks */; };
		5F4288E929072D3200C38D01 /* level58.sks in Resources */ = {isa = PBXBuildFile; fileRef = 5F4288E829072D3200C38D01 /* level58.sks */; };
		5F62F0CC29088B5900672C78 /* level72.sks in Resources */ = {isa = PBXBuildFile; fileRef = 5F62F0CB29088B5900672C78 /* level72.sks */; };
		5F62F0CE29088FD300672C78 /* level79.sks in Resources */ = {isa = PBXBuildFile; fileRef = 5F62F0CD29088FD300672C78 /* level79.sks */; };
		5F62F0D02908A01000672C78 /* level62.sks in Resources */ = {isa = PBXBuildFile; fileRef = 5F62F0CF2908A01000672C78 /* level62.sks */; };
		5F77D8DB22E3FCC100E8C4F3 /* AppDelegate.swift in Sources */ = {isa = PBXBuildFile; fileRef = 5F77D8DA22E3FCC100E8C4F3 /* AppDelegate.swift */; };
		5F77D8DD22E3FCE800E8C4F3 /* GameScene.swift in Sources */ = {isa = PBXBuildFile; fileRef = 5F77D8DC22E3FCE800E8C4F3 /* GameScene.swift */; };
		5F77D8DF22E3FCF900E8C4F3 /* GameViewController.swift in Sources */ = {isa = PBXBuildFile; fileRef = 5F77D8DE22E3FCF800E8C4F3 /* GameViewController.swift */; };
		5F77D8E622E3FDF900E8C4F3 /* Main.storyboard in Resources */ = {isa = PBXBuildFile; fileRef = 5F77D8E322E3FDF900E8C4F3 /* Main.storyboard */; };
		5F77D8F522E3FEBC00E8C4F3 /* GameScene.sks in Resources */ = {isa = PBXBuildFile; fileRef = 5F77D8F322E3FEBC00E8C4F3 /* GameScene.sks */; };
		5F77D8F822E3FED800E8C4F3 /* hexTileSet.sks in Resources */ = {isa = PBXBuildFile; fileRef = 5F77D8F722E3FED800E8C4F3 /* hexTileSet.sks */; };
		5F83175D230CD7E0005B4A1B /* emulogic.ttf in Resources */ = {isa = PBXBuildFile; fileRef = 5F83175C230CCFAC005B4A1B /* emulogic.ttf */; };
		5F971A9D2908B70D007895AC /* Speech.swift in Sources */ = {isa = PBXBuildFile; fileRef = 5F971A9C2908B70D007895AC /* Speech.swift */; };
		5F9AFCD02905D7DA001C79E5 /* level40.sks in Resources */ = {isa = PBXBuildFile; fileRef = 5F9AFCCF2905D7DA001C79E5 /* level40.sks */; };
		5FAA25F62906F6E700DDD813 /* level10.sks in Resources */ = {isa = PBXBuildFile; fileRef = 5FAA25F52906F6E700DDD813 /* level10.sks */; };
		5FABED8F2905CBAF002EADA3 /* level6.sks in Resources */ = {isa = PBXBuildFile; fileRef = 5FABED8B2905CBAF002EADA3 /* level6.sks */; };
		5FABED902905CBAF002EADA3 /* level7.sks in Resources */ = {isa = PBXBuildFile; fileRef = 5FABED8C2905CBAF002EADA3 /* level7.sks */; };
		5FABED912905CBAF002EADA3 /* level3.sks in Resources */ = {isa = PBXBuildFile; fileRef = 5FABED8D2905CBAF002EADA3 /* level3.sks */; };
		5FABED922905CBAF002EADA3 /* level5.sks in Resources */ = {isa = PBXBuildFile; fileRef = 5FABED8E2905CBAF002EADA3 /* level5.sks */; };
		5FABED942905D1EA002EADA3 /* level38.sks in Resources */ = {isa = PBXBuildFile; fileRef = 5FABED932905D1EA002EADA3 /* level38.sks */; };
		5FABED962905D5CF002EADA3 /* level37.sks in Resources */ = {isa = PBXBuildFile; fileRef = 5FABED952905D5CF002EADA3 /* level37.sks */; };
		5FABED9A2905D5E1002EADA3 /* level41.sks in Resources */ = {isa = PBXBuildFile; fileRef = 5FABED992905D5E1002EADA3 /* level41.sks */; };
		5FABED9C2905D72D002EADA3 /* level42.sks in Resources */ = {isa = PBXBuildFile; fileRef = 5FABED9B2905D72D002EADA3 /* level42.sks */; };
		5FABED9E2905D758002EADA3 /* level51.sks in Resources */ = {isa = PBXBuildFile; fileRef = 5FABED9D2905D758002EADA3 /* level51.sks */; };
		5FB5697C2908A0A50056FCD0 /* level64.sks in Resources */ = {isa = PBXBuildFile; fileRef = 5FB5697B2908A0A50056FCD0 /* level64.sks */; };
		5FB5697E2908A36B0056FCD0 /* level65.sks in Resources */ = {isa = PBXBuildFile; fileRef = 5FB5697D2908A36B0056FCD0 /* level65.sks */; };
		5FB569822908A4C60056FCD0 /* level66.sks in Resources */ = {isa = PBXBuildFile; fileRef = 5FB569812908A4C60056FCD0 /* level66.sks */; };
		5FB569842908A55A0056FCD0 /* level67.sks in Resources */ = {isa = PBXBuildFile; fileRef = 5FB569832908A55A0056FCD0 /* level67.sks */; };
		5FB569882908AAEB0056FCD0 /* level68.sks in Resources */ = {isa = PBXBuildFile; fileRef = 5FB569852908AAEB0056FCD0 /* level68.sks */; };
		5FB569892908AAEB0056FCD0 /* level69.sks in Resources */ = {isa = PBXBuildFile; fileRef = 5FB569862908AAEB0056FCD0 /* level69.sks */; };
		5FB5698A2908AAEB0056FCD0 /* level70.sks in Resources */ = {isa = PBXBuildFile; fileRef = 5FB569872908AAEB0056FCD0 /* level70.sks */; };
		5FCEE07F2313415E0002A5CF /* GameMenu.swift in Sources */ = {isa = PBXBuildFile; fileRef = 5FCEE07E2313415E0002A5CF /* GameMenu.swift */; };
		5FCEE081231341680002A5CF /* GameMenu.sks in Resources */ = {isa = PBXBuildFile; fileRef = 5FCEE080231341680002A5CF /* GameMenu.sks */; };
		5FE5CD6D290A1EDA00BD4B68 /* level63.sks in Resources */ = {isa = PBXBuildFile; fileRef = 5FE5CD6C290A1EDA00BD4B68 /* level63.sks */; };
		5FE5CD6F290A1EE700BD4B68 /* level61.sks in Resources */ = {isa = PBXBuildFile; fileRef = 5FE5CD6E290A1EE700BD4B68 /* level61.sks */; };
		6F27255C26DAA8D30009B5B5 /* level36.sks in Resources */ = {isa = PBXBuildFile; fileRef = 6F27254C26DAA8D30009B5B5 /* level36.sks */; };
		6F27255D26DAA8D30009B5B5 /* level33.sks in Resources */ = {isa = PBXBuildFile; fileRef = 6F27254D26DAA8D30009B5B5 /* level33.sks */; };
		6F27255E26DAA8D30009B5B5 /* level24.sks in Resources */ = {isa = PBXBuildFile; fileRef = 6F27254E26DAA8D30009B5B5 /* level24.sks */; };
		6F27255F26DAA8D30009B5B5 /* level4.sks in Resources */ = {isa = PBXBuildFile; fileRef = 6F27254F26DAA8D30009B5B5 /* level4.sks */; };
		6F27256026DAA8D30009B5B5 /* level43.sks in Resources */ = {isa = PBXBuildFile; fileRef = 6F27255026DAA8D30009B5B5 /* level43.sks */; };
		6F27256126DAA8D30009B5B5 /* level34.sks in Resources */ = {isa = PBXBuildFile; fileRef = 6F27255126DAA8D30009B5B5 /* level34.sks */; };
		6F27256226DAA8D30009B5B5 /* level30.sks in Resources */ = {isa = PBXBuildFile; fileRef = 6F27255226DAA8D30009B5B5 /* level30.sks */; };
		6F27256326DAA8D30009B5B5 /* level25.sks in Resources */ = {isa = PBXBuildFile; fileRef = 6F27255326DAA8D30009B5B5 /* level25.sks */; };
		6F27256426DAA8D30009B5B5 /* level21.sks in Resources */ = {isa = PBXBuildFile; fileRef = 6F27255426DAA8D30009B5B5 /* level21.sks */; };
		6F27256526DAA8D30009B5B5 /* level18.sks in Resources */ = {isa = PBXBuildFile; fileRef = 6F27255526DAA8D30009B5B5 /* level18.sks */; };
		6F27256626DAA8D30009B5B5 /* level22.sks in Resources */ = {isa = PBXBuildFile; fileRef = 6F27255626DAA8D30009B5B5 /* level22.sks */; };
		6F27256726DAA8D30009B5B5 /* level14.sks in Resources */ = {isa = PBXBuildFile; fileRef = 6F27255726DAA8D30009B5B5 /* level14.sks */; };
		6F27256826DAA8D30009B5B5 /* level47.sks in Resources */ = {isa = PBXBuildFile; fileRef = 6F27255826DAA8D30009B5B5 /* level47.sks */; };
		6F27256B26DAA8D30009B5B5 /* level29.sks in Resources */ = {isa = PBXBuildFile; fileRef = 6F27255B26DAA8D30009B5B5 /* level29.sks */; };
		6F27256D26DC41240009B5B5 /* Settings.swift in Sources */ = {isa = PBXBuildFile; fileRef = 6F27256C26DC41240009B5B5 /* Settings.swift */; };
		6F4BB9D626E3F3A900BABA11 /* Bip.mp3 in Resources */ = {isa = PBXBuildFile; fileRef = 6F4BB9D226E3F3A900BABA11 /* Bip.mp3 */; };
		6F4BB9D726E3F3A900BABA11 /* Dah.mp3 in Resources */ = {isa = PBXBuildFile; fileRef = 6F4BB9D326E3F3A900BABA11 /* Dah.mp3 */; };
		6F4BB9D826E3F3A900BABA11 /* Knock.mp3 in Resources */ = {isa = PBXBuildFile; fileRef = 6F4BB9D426E3F3A900BABA11 /* Knock.mp3 */; };
		6F4BB9D926E3F3A900BABA11 /* Dat.mp3 in Resources */ = {isa = PBXBuildFile; fileRef = 6F4BB9D526E3F3A900BABA11 /* Dat.mp3 */; };
		6F4BB9DB26E4232000BABA11 /* Global.swift in Sources */ = {isa = PBXBuildFile; fileRef = 6F4BB9DA26E4231300BABA11 /* Global.swift */; };
		6F4BBA0026E83B0300BABA11 /* level9.sks in Resources */ = {isa = PBXBuildFile; fileRef = 6F4BB9FF26E83B0300BABA11 /* level9.sks */; };
		6F4BBA0226E83C0100BABA11 /* level11.sks in Resources */ = {isa = PBXBuildFile; fileRef = 6F4BBA0126E83C0100BABA11 /* level11.sks */; };
		6F4BBA0426E83C3900BABA11 /* level12.sks in Resources */ = {isa = PBXBuildFile; fileRef = 6F4BBA0326E83C3900BABA11 /* level12.sks */; };
		6F55698626D1F9300060D0E7 /* ScreenSize.swift in Sources */ = {isa = PBXBuildFile; fileRef = 6F55698526D1F9300060D0E7 /* ScreenSize.swift */; };
		6F55698A26D479410060D0E7 /* level8.sks in Resources */ = {isa = PBXBuildFile; fileRef = 6F55698826D479410060D0E7 /* level8.sks */; };
		6FA1ABBD26E99AE5003CBD2D /* LevelPosition.swift in Sources */ = {isa = PBXBuildFile; fileRef = 6FA1ABBC26E99AE5003CBD2D /* LevelPosition.swift */; };
		6FD0575326D47D92005671C4 /* level26.sks in Resources */ = {isa = PBXBuildFile; fileRef = 6FD0575126D47D92005671C4 /* level26.sks */; };
		6FE658D926F6826800B28192 /* gridTileSet.sks in Resources */ = {isa = PBXBuildFile; fileRef = 6FE658D826F6826800B28192 /* gridTileSet.sks */; };
		6FF23C2326DC7AD3006237E5 /* LaunchScreen.storyboard in Resources */ = {isa = PBXBuildFile; fileRef = 5F77D8E222E3FDF900E8C4F3 /* LaunchScreen.storyboard */; };
		EA69D559203FC43B008D9359 /* level45.sks in Resources */ = {isa = PBXBuildFile; fileRef = EA69D558203FC43B008D9359 /* level45.sks */; };
		EA69D55D203FC488008D9359 /* level16.sks in Resources */ = {isa = PBXBuildFile; fileRef = EA69D55C203FC488008D9359 /* level16.sks */; };
		EA69D561203FC4D4008D9359 /* level28.sks in Resources */ = {isa = PBXBuildFile; fileRef = EA69D560203FC4D4008D9359 /* level28.sks */; };
		EA69D563203FCA95008D9359 /* level31.sks in Resources */ = {isa = PBXBuildFile; fileRef = EA69D562203FCA95008D9359 /* level31.sks */; };
		EA69D569203FCB2E008D9359 /* level23.sks in Resources */ = {isa = PBXBuildFile; fileRef = EA69D568203FCB2E008D9359 /* level23.sks */; };
		EA69D56B203FCB98008D9359 /* level17.sks in Resources */ = {isa = PBXBuildFile; fileRef = EA69D56A203FCB98008D9359 /* level17.sks */; };
		EA69D56F203FCC1F008D9359 /* level1.sks in Resources */ = {isa = PBXBuildFile; fileRef = EA69D56E203FCC1F008D9359 /* level1.sks */; };
		EABB3AF9203B64C6000217E1 /* Assets.xcassets in Resources */ = {isa = PBXBuildFile; fileRef = EABB3AF8203B64C6000217E1 /* Assets.xcassets */; };
		EABB3AFB203CFA27000217E1 /* level13.sks in Resources */ = {isa = PBXBuildFile; fileRef = EABB3AFA203CFA27000217E1 /* level13.sks */; };
		EABB3B01203CFC08000217E1 /* level35.sks in Resources */ = {isa = PBXBuildFile; fileRef = EABB3B00203CFC08000217E1 /* level35.sks */; };
		EABB3B07203CFFCD000217E1 /* level27.sks in Resources */ = {isa = PBXBuildFile; fileRef = EABB3B06203CFFCD000217E1 /* level27.sks */; };
		EABB3B0D203D0102000217E1 /* level2.sks in Resources */ = {isa = PBXBuildFile; fileRef = EABB3B0C203D0102000217E1 /* level2.sks */; };
		EABB3B0F203D0255000217E1 /* level44.sks in Resources */ = {isa = PBXBuildFile; fileRef = EABB3B0E203D0255000217E1 /* level44.sks */; };
		EABB3B13203D0737000217E1 /* level32.sks in Resources */ = {isa = PBXBuildFile; fileRef = EABB3B12203D0737000217E1 /* level32.sks */; };
/* End PBXBuildFile section */

/* Begin PBXFileReference section */
		5F163D17231C8A2500E341FD /* SpaceBarColors.otf */ = {isa = PBXFileReference; lastKnownFileType = file; path = SpaceBarColors.otf; sourceTree = "<group>"; };
		5F420398291368F600F7FF16 /* level71.sks */ = {isa = PBXFileReference; lastKnownFileType = file.sks; path = level71.sks; sourceTree = "<group>"; };
		5F42039A291983EB00F7FF16 /* ViewDidMove.swift */ = {isa = PBXFileReference; lastKnownFileType = sourcecode.swift; path = ViewDidMove.swift; sourceTree = "<group>"; };
		5F42039C291984B900F7FF16 /* DrawLevel.swift */ = {isa = PBXFileReference; lastKnownFileType = sourcecode.swift; path = DrawLevel.swift; sourceTree = "<group>"; };
		5F42039E2919857000F7FF16 /* DrawParallax.swift */ = {isa = PBXFileReference; lastKnownFileType = sourcecode.swift; path = DrawParallax.swift; sourceTree = "<group>"; };
		5F4203A0291985B200F7FF16 /* AddPuck.swift */ = {isa = PBXFileReference; lastKnownFileType = sourcecode.swift; path = AddPuck.swift; sourceTree = "<group>"; };
		5F4203A2291985EA00F7FF16 /* AddPowerBall.swift */ = {isa = PBXFileReference; lastKnownFileType = sourcecode.swift; path = AddPowerBall.swift; sourceTree = "<group>"; };
		5F4203A42919868700F7FF16 /* DrawBricks.swift */ = {isa = PBXFileReference; lastKnownFileType = sourcecode.swift; path = DrawBricks.swift; sourceTree = "<group>"; };
		5F4203A6291986C900F7FF16 /* CocoaTouch.swift */ = {isa = PBXFileReference; lastKnownFileType = sourcecode.swift; path = CocoaTouch.swift; sourceTree = "<group>"; };
		5F4203A82919870500F7FF16 /* ResetGameBoard.swift */ = {isa = PBXFileReference; lastKnownFileType = sourcecode.swift; path = ResetGameBoard.swift; sourceTree = "<group>"; };
		5F4203AA2919877800F7FF16 /* DidBeginContact.swift */ = {isa = PBXFileReference; lastKnownFileType = sourcecode.swift; path = DidBeginContact.swift; sourceTree = "<group>"; };
		5F4203AC291987C400F7FF16 /* Update.swift */ = {isa = PBXFileReference; lastKnownFileType = sourcecode.swift; path = Update.swift; sourceTree = "<group>"; };
		5F4203AE2919881300F7FF16 /* BrickChecker.swift */ = {isa = PBXFileReference; lastKnownFileType = sourcecode.swift; path = BrickChecker.swift; sourceTree = "<group>"; };
		5F4203B02919885A00F7FF16 /* RemovePowerBall.swift */ = {isa = PBXFileReference; lastKnownFileType = sourcecode.swift; path = RemovePowerBall.swift; sourceTree = "<group>"; };
		5F4203B22919887500F7FF16 /* TileMapRun.swift */ = {isa = PBXFileReference; lastKnownFileType = sourcecode.swift; path = TileMapRun.swift; sourceTree = "<group>"; };
		5F4203B4291988A600F7FF16 /* SetHighScore.swift */ = {isa = PBXFileReference; lastKnownFileType = sourcecode.swift; path = SetHighScore.swift; sourceTree = "<group>"; };
		5F4203B6291A90D800F7FF16 /* DrawHUD.swift */ = {isa = PBXFileReference; lastKnownFileType = sourcecode.swift; path = DrawHUD.swift; sourceTree = "<group>"; };
		5F4203B8291A919600F7FF16 /* DrawWalls.swift */ = {isa = PBXFileReference; lastKnownFileType = sourcecode.swift; path = DrawWalls.swift; sourceTree = "<group>"; };
		5F4203BA291A951500F7FF16 /* DrawEdgeLoop.swift */ = {isa = PBXFileReference; lastKnownFileType = sourcecode.swift; path = DrawEdgeLoop.swift; sourceTree = "<group>"; };
		5F4203BC291A95D000F7FF16 /* DrawMiddies.swift */ = {isa = PBXFileReference; lastKnownFileType = sourcecode.swift; path = DrawMiddies.swift; sourceTree = "<group>"; };
		5F4203BE291A96AF00F7FF16 /* DrawCenterCourt.swift */ = {isa = PBXFileReference; lastKnownFileType = sourcecode.swift; path = DrawCenterCourt.swift; sourceTree = "<group>"; };
		5F4203C0291A97AA00F7FF16 /* DrawGoal.swift */ = {isa = PBXFileReference; lastKnownFileType = sourcecode.swift; path = DrawGoal.swift; sourceTree = "<group>"; };
		5F4203C2291A996900F7FF16 /* DrawPaddle.swift */ = {isa = PBXFileReference; lastKnownFileType = sourcecode.swift; path = DrawPaddle.swift; sourceTree = "<group>"; };
		5F4203C4291A9ADE00F7FF16 /* GetReady.swift */ = {isa = PBXFileReference; lastKnownFileType = sourcecode.swift; path = GetReady.swift; sourceTree = "<group>"; };
		5F4203D4291B245700F7FF16 /* level74.sks */ = {isa = PBXFileReference; lastKnownFileType = file.sks; path = level74.sks; sourceTree = "<group>"; };
		5F4203D6291B33BB00F7FF16 /* level75.sks */ = {isa = PBXFileReference; lastKnownFileType = file.sks; path = level75.sks; sourceTree = "<group>"; };
		5F4203D8291B33FF00F7FF16 /* level77.sks */ = {isa = PBXFileReference; lastKnownFileType = file.sks; path = level77.sks; sourceTree = "<group>"; };
		5F4203DA291B346200F7FF16 /* level81.sks */ = {isa = PBXFileReference; lastKnownFileType = file.sks; path = level81.sks; sourceTree = "<group>"; };
		5F4203DC291B34A400F7FF16 /* level76.sks */ = {isa = PBXFileReference; lastKnownFileType = file.sks; path = level76.sks; sourceTree = "<group>"; };
		5F4203DD291B34A400F7FF16 /* level73.sks */ = {isa = PBXFileReference; lastKnownFileType = file.sks; path = level73.sks; sourceTree = "<group>"; };
		5F4203DE291B34A400F7FF16 /* level78.sks */ = {isa = PBXFileReference; lastKnownFileType = file.sks; path = level78.sks; sourceTree = "<group>"; };
		5F4203E2291B34E400F7FF16 /* level80.sks */ = {isa = PBXFileReference; lastKnownFileType = file.sks; path = level80.sks; sourceTree = "<group>"; };
		5F4288C82906F86E00C38D01 /* level15.sks */ = {isa = PBXFileReference; lastKnownFileType = file.sks; path = level15.sks; sourceTree = "<group>"; };
		5F4288CA2906F8CD00C38D01 /* level19.sks */ = {isa = PBXFileReference; lastKnownFileType = file.sks; path = level19.sks; sourceTree = "<group>"; };
		5F4288CC2906F9A400C38D01 /* level46.sks */ = {isa = PBXFileReference; lastKnownFileType = file.sks; path = level46.sks; sourceTree = "<group>"; };
		5F4288CE2906FBA300C38D01 /* level20.sks */ = {isa = PBXFileReference; lastKnownFileType = file.sks; path = level20.sks; sourceTree = "<group>"; };
		5F4288D0290700AD00C38D01 /* level48.sks */ = {isa = PBXFileReference; lastKnownFileType = file.sks; path = level48.sks; sourceTree = "<group>"; };
		5F4288D22907015B00C38D01 /* level49.sks */ = {isa = PBXFileReference; lastKnownFileType = file.sks; path = level49.sks; sourceTree = "<group>"; };
		5F4288D42907017400C38D01 /* level50.sks */ = {isa = PBXFileReference; lastKnownFileType = file.sks; path = level50.sks; sourceTree = "<group>"; };
		5F4288D62907018F00C38D01 /* level60.sks */ = {isa = PBXFileReference; lastKnownFileType = file.sks; path = level60.sks; sourceTree = "<group>"; };
		5F4288D829072C8F00C38D01 /* level57.sks */ = {isa = PBXFileReference; lastKnownFileType = file.sks; path = level57.sks; sourceTree = "<group>"; };
		5F4288DA29072CA400C38D01 /* level52.sks */ = {isa = PBXFileReference; lastKnownFileType = file.sks; path = level52.sks; sourceTree = "<group>"; };
		5F4288DC29072CBA00C38D01 /* level53.sks */ = {isa = PBXFileReference; lastKnownFileType = file.sks; path = level53.sks; sourceTree = "<group>"; };
		5F4288DE29072CCA00C38D01 /* level54.sks */ = {isa = PBXFileReference; lastKnownFileType = file.sks; path = level54.sks; sourceTree = "<group>"; };
		5F4288E029072CDA00C38D01 /* level55.sks */ = {isa = PBXFileReference; lastKnownFileType = file.sks; path = level55.sks; sourceTree = "<group>"; };
		5F4288E229072CEE00C38D01 /* level56.sks */ = {isa = PBXFileReference; lastKnownFileType = file.sks; path = level56.sks; sourceTree = "<group>"; };
		5F4288E429072D0800C38D01 /* level59.sks */ = {isa = PBXFileReference; lastKnownFileType = file.sks; path = level59.sks; sourceTree = "<group>"; };
		5F4288E629072D2200C38D01 /* level39.sks */ = {isa = PBXFileReference; lastKnownFileType = file.sks; path = level39.sks; sourceTree = "<group>"; };
		5F4288E829072D3200C38D01 /* level58.sks */ = {isa = PBXFileReference; lastKnownFileType = file.sks; path = level58.sks; sourceTree = "<group>"; };
		5F62F0CB29088B5900672C78 /* level72.sks */ = {isa = PBXFileReference; lastKnownFileType = file.sks; path = level72.sks; sourceTree = "<group>"; };
		5F62F0CD29088FD300672C78 /* level79.sks */ = {isa = PBXFileReference; lastKnownFileType = file.sks; path = level79.sks; sourceTree = "<group>"; };
		5F62F0CF2908A01000672C78 /* level62.sks */ = {isa = PBXFileReference; lastKnownFileType = file.sks; path = level62.sks; sourceTree = "<group>"; };
		5F77D8DA22E3FCC100E8C4F3 /* AppDelegate.swift */ = {isa = PBXFileReference; fileEncoding = 4; lastKnownFileType = sourcecode.swift; path = AppDelegate.swift; sourceTree = "<group>"; };
		5F77D8DC22E3FCE800E8C4F3 /* GameScene.swift */ = {isa = PBXFileReference; fileEncoding = 4; lastKnownFileType = sourcecode.swift; path = GameScene.swift; sourceTree = "<group>"; };
		5F77D8DE22E3FCF800E8C4F3 /* GameViewController.swift */ = {isa = PBXFileReference; fileEncoding = 4; lastKnownFileType = sourcecode.swift; path = GameViewController.swift; sourceTree = "<group>"; };
		5F77D8E222E3FDF900E8C4F3 /* LaunchScreen.storyboard */ = {isa = PBXFileReference; lastKnownFileType = file.storyboard; path = LaunchScreen.storyboard; sourceTree = "<group>"; };
		5F77D8E422E3FDF900E8C4F3 /* Base */ = {isa = PBXFileReference; lastKnownFileType = file.storyboard; name = Base; path = Main.storyboard; sourceTree = "<group>"; };
		5F77D8F322E3FEBC00E8C4F3 /* GameScene.sks */ = {isa = PBXFileReference; lastKnownFileType = file.sks; path = GameScene.sks; sourceTree = "<group>"; };
		5F77D8F722E3FED800E8C4F3 /* hexTileSet.sks */ = {isa = PBXFileReference; lastKnownFileType = file.sks; path = hexTileSet.sks; sourceTree = "<group>"; };
		5F83175C230CCFAC005B4A1B /* emulogic.ttf */ = {isa = PBXFileReference; lastKnownFileType = file; path = emulogic.ttf; sourceTree = "<group>"; };
		5F971A9C2908B70D007895AC /* Speech.swift */ = {isa = PBXFileReference; lastKnownFileType = sourcecode.swift; path = Speech.swift; sourceTree = "<group>"; };
		5F9AFCCF2905D7DA001C79E5 /* level40.sks */ = {isa = PBXFileReference; lastKnownFileType = file.sks; path = level40.sks; sourceTree = "<group>"; };
		5FAA25F52906F6E700DDD813 /* level10.sks */ = {isa = PBXFileReference; lastKnownFileType = file.sks; path = level10.sks; sourceTree = "<group>"; };
		5FABED8B2905CBAF002EADA3 /* level6.sks */ = {isa = PBXFileReference; lastKnownFileType = file.sks; path = level6.sks; sourceTree = "<group>"; };
		5FABED8C2905CBAF002EADA3 /* level7.sks */ = {isa = PBXFileReference; lastKnownFileType = file.sks; path = level7.sks; sourceTree = "<group>"; };
		5FABED8D2905CBAF002EADA3 /* level3.sks */ = {isa = PBXFileReference; lastKnownFileType = file.sks; path = level3.sks; sourceTree = "<group>"; };
		5FABED8E2905CBAF002EADA3 /* level5.sks */ = {isa = PBXFileReference; lastKnownFileType = file.sks; path = level5.sks; sourceTree = "<group>"; };
		5FABED932905D1EA002EADA3 /* level38.sks */ = {isa = PBXFileReference; lastKnownFileType = file.sks; path = level38.sks; sourceTree = "<group>"; };
		5FABED952905D5CF002EADA3 /* level37.sks */ = {isa = PBXFileReference; lastKnownFileType = file.sks; path = level37.sks; sourceTree = "<group>"; };
		5FABED992905D5E1002EADA3 /* level41.sks */ = {isa = PBXFileReference; lastKnownFileType = file.sks; path = level41.sks; sourceTree = "<group>"; };
		5FABED9B2905D72D002EADA3 /* level42.sks */ = {isa = PBXFileReference; lastKnownFileType = file.sks; path = level42.sks; sourceTree = "<group>"; };
		5FABED9D2905D758002EADA3 /* level51.sks */ = {isa = PBXFileReference; lastKnownFileType = file.sks; path = level51.sks; sourceTree = "<group>"; };
		5FB5697B2908A0A50056FCD0 /* level64.sks */ = {isa = PBXFileReference; lastKnownFileType = file.sks; path = level64.sks; sourceTree = "<group>"; };
		5FB5697D2908A36B0056FCD0 /* level65.sks */ = {isa = PBXFileReference; lastKnownFileType = file.sks; path = level65.sks; sourceTree = "<group>"; };
		5FB569812908A4C60056FCD0 /* level66.sks */ = {isa = PBXFileReference; lastKnownFileType = file.sks; path = level66.sks; sourceTree = "<group>"; };
		5FB569832908A55A0056FCD0 /* level67.sks */ = {isa = PBXFileReference; lastKnownFileType = file.sks; path = level67.sks; sourceTree = "<group>"; };
		5FB569852908AAEB0056FCD0 /* level68.sks */ = {isa = PBXFileReference; lastKnownFileType = file.sks; path = level68.sks; sourceTree = "<group>"; };
		5FB569862908AAEB0056FCD0 /* level69.sks */ = {isa = PBXFileReference; lastKnownFileType = file.sks; path = level69.sks; sourceTree = "<group>"; };
		5FB569872908AAEB0056FCD0 /* level70.sks */ = {isa = PBXFileReference; lastKnownFileType = file.sks; path = level70.sks; sourceTree = "<group>"; };
		5FC5E32722E40F1F00E1159A /* Space-Bar.entitlements */ = {isa = PBXFileReference; lastKnownFileType = text.plist.entitlements; path = "Space-Bar.entitlements"; sourceTree = "<group>"; };
		5FCEE07E2313415E0002A5CF /* GameMenu.swift */ = {isa = PBXFileReference; fileEncoding = 4; lastKnownFileType = sourcecode.swift; path = GameMenu.swift; sourceTree = "<group>"; };
		5FCEE080231341680002A5CF /* GameMenu.sks */ = {isa = PBXFileReference; lastKnownFileType = file.sks; path = GameMenu.sks; sourceTree = "<group>"; };
		5FE5CD6C290A1EDA00BD4B68 /* level63.sks */ = {isa = PBXFileReference; lastKnownFileType = file.sks; path = level63.sks; sourceTree = "<group>"; };
		5FE5CD6E290A1EE700BD4B68 /* level61.sks */ = {isa = PBXFileReference; lastKnownFileType = file.sks; path = level61.sks; sourceTree = "<group>"; };
		6F27254C26DAA8D30009B5B5 /* level36.sks */ = {isa = PBXFileReference; lastKnownFileType = file.sks; path = level36.sks; sourceTree = "<group>"; };
		6F27254D26DAA8D30009B5B5 /* level33.sks */ = {isa = PBXFileReference; lastKnownFileType = file.sks; path = level33.sks; sourceTree = "<group>"; };
		6F27254E26DAA8D30009B5B5 /* level24.sks */ = {isa = PBXFileReference; lastKnownFileType = file.sks; path = level24.sks; sourceTree = "<group>"; };
		6F27254F26DAA8D30009B5B5 /* level4.sks */ = {isa = PBXFileReference; lastKnownFileType = file.sks; path = level4.sks; sourceTree = "<group>"; };
		6F27255026DAA8D30009B5B5 /* level43.sks */ = {isa = PBXFileReference; lastKnownFileType = file.sks; path = level43.sks; sourceTree = "<group>"; };
		6F27255126DAA8D30009B5B5 /* level34.sks */ = {isa = PBXFileReference; lastKnownFileType = file.sks; path = level34.sks; sourceTree = "<group>"; };
		6F27255226DAA8D30009B5B5 /* level30.sks */ = {isa = PBXFileReference; lastKnownFileType = file.sks; path = level30.sks; sourceTree = "<group>"; };
		6F27255326DAA8D30009B5B5 /* level25.sks */ = {isa = PBXFileReference; lastKnownFileType = file.sks; path = level25.sks; sourceTree = "<group>"; };
		6F27255426DAA8D30009B5B5 /* level21.sks */ = {isa = PBXFileReference; lastKnownFileType = file.sks; path = level21.sks; sourceTree = "<group>"; };
		6F27255526DAA8D30009B5B5 /* level18.sks */ = {isa = PBXFileReference; lastKnownFileType = file.sks; path = level18.sks; sourceTree = "<group>"; };
		6F27255626DAA8D30009B5B5 /* level22.sks */ = {isa = PBXFileReference; lastKnownFileType = file.sks; path = level22.sks; sourceTree = "<group>"; };
		6F27255726DAA8D30009B5B5 /* level14.sks */ = {isa = PBXFileReference; lastKnownFileType = file.sks; path = level14.sks; sourceTree = "<group>"; };
		6F27255826DAA8D30009B5B5 /* level47.sks */ = {isa = PBXFileReference; lastKnownFileType = file.sks; path = level47.sks; sourceTree = "<group>"; };
		6F27255B26DAA8D30009B5B5 /* level29.sks */ = {isa = PBXFileReference; lastKnownFileType = file.sks; path = level29.sks; sourceTree = "<group>"; };
		6F27256C26DC41240009B5B5 /* Settings.swift */ = {isa = PBXFileReference; lastKnownFileType = sourcecode.swift; path = Settings.swift; sourceTree = "<group>"; };
		6F4BB9D226E3F3A900BABA11 /* Bip.mp3 */ = {isa = PBXFileReference; lastKnownFileType = audio.mp3; path = Bip.mp3; sourceTree = "<group>"; };
		6F4BB9D326E3F3A900BABA11 /* Dah.mp3 */ = {isa = PBXFileReference; lastKnownFileType = audio.mp3; path = Dah.mp3; sourceTree = "<group>"; };
		6F4BB9D426E3F3A900BABA11 /* Knock.mp3 */ = {isa = PBXFileReference; lastKnownFileType = audio.mp3; path = Knock.mp3; sourceTree = "<group>"; };
		6F4BB9D526E3F3A900BABA11 /* Dat.mp3 */ = {isa = PBXFileReference; lastKnownFileType = audio.mp3; path = Dat.mp3; sourceTree = "<group>"; };
		6F4BB9DA26E4231300BABA11 /* Global.swift */ = {isa = PBXFileReference; lastKnownFileType = sourcecode.swift; path = Global.swift; sourceTree = "<group>"; };
		6F4BB9FF26E83B0300BABA11 /* level9.sks */ = {isa = PBXFileReference; lastKnownFileType = file.sks; path = level9.sks; sourceTree = "<group>"; };
		6F4BBA0126E83C0100BABA11 /* level11.sks */ = {isa = PBXFileReference; lastKnownFileType = file.sks; path = level11.sks; sourceTree = "<group>"; };
		6F4BBA0326E83C3900BABA11 /* level12.sks */ = {isa = PBXFileReference; lastKnownFileType = file.sks; path = level12.sks; sourceTree = "<group>"; };
		6F55698526D1F9300060D0E7 /* ScreenSize.swift */ = {isa = PBXFileReference; lastKnownFileType = sourcecode.swift; path = ScreenSize.swift; sourceTree = "<group>"; };
		6F55698826D479410060D0E7 /* level8.sks */ = {isa = PBXFileReference; lastKnownFileType = file.sks; path = level8.sks; sourceTree = "<group>"; };
		6FA1ABBC26E99AE5003CBD2D /* LevelPosition.swift */ = {isa = PBXFileReference; lastKnownFileType = sourcecode.swift; path = LevelPosition.swift; sourceTree = "<group>"; };
		6FD0575126D47D92005671C4 /* level26.sks */ = {isa = PBXFileReference; lastKnownFileType = file.sks; path = level26.sks; sourceTree = "<group>"; };
		6FE658D826F6826800B28192 /* gridTileSet.sks */ = {isa = PBXFileReference; lastKnownFileType = file.sks; path = gridTileSet.sks; sourceTree = "<group>"; };
		EA69D558203FC43B008D9359 /* level45.sks */ = {isa = PBXFileReference; lastKnownFileType = file.sks; path = level45.sks; sourceTree = "<group>"; };
		EA69D55C203FC488008D9359 /* level16.sks */ = {isa = PBXFileReference; lastKnownFileType = file.sks; path = level16.sks; sourceTree = "<group>"; };
		EA69D560203FC4D4008D9359 /* level28.sks */ = {isa = PBXFileReference; lastKnownFileType = file.sks; path = level28.sks; sourceTree = "<group>"; };
		EA69D562203FCA95008D9359 /* level31.sks */ = {isa = PBXFileReference; lastKnownFileType = file.sks; path = level31.sks; sourceTree = "<group>"; };
		EA69D568203FCB2E008D9359 /* level23.sks */ = {isa = PBXFileReference; lastKnownFileType = file.sks; path = level23.sks; sourceTree = "<group>"; };
		EA69D56A203FCB98008D9359 /* level17.sks */ = {isa = PBXFileReference; lastKnownFileType = file.sks; path = level17.sks; sourceTree = "<group>"; };
		EA69D56E203FCC1F008D9359 /* level1.sks */ = {isa = PBXFileReference; lastKnownFileType = file.sks; path = level1.sks; sourceTree = "<group>"; };
		EABB3AF8203B64C6000217E1 /* Assets.xcassets */ = {isa = PBXFileReference; lastKnownFileType = folder.assetcatalog; path = Assets.xcassets; sourceTree = "<group>"; };
		EABB3AFA203CFA27000217E1 /* level13.sks */ = {isa = PBXFileReference; lastKnownFileType = file.sks; path = level13.sks; sourceTree = "<group>"; };
		EABB3B00203CFC08000217E1 /* level35.sks */ = {isa = PBXFileReference; lastKnownFileType = file.sks; path = level35.sks; sourceTree = "<group>"; };
		EABB3B06203CFFCD000217E1 /* level27.sks */ = {isa = PBXFileReference; lastKnownFileType = file.sks; path = level27.sks; sourceTree = "<group>"; };
		EABB3B0C203D0102000217E1 /* level2.sks */ = {isa = PBXFileReference; lastKnownFileType = file.sks; path = level2.sks; sourceTree = "<group>"; };
		EABB3B0E203D0255000217E1 /* level44.sks */ = {isa = PBXFileReference; lastKnownFileType = file.sks; path = level44.sks; sourceTree = "<group>"; };
		EABB3B12203D0737000217E1 /* level32.sks */ = {isa = PBXFileReference; lastKnownFileType = file.sks; path = level32.sks; sourceTree = "<group>"; };
		EAFBF6A02036591D0086084A /* Space-Bar.app */ = {isa = PBXFileReference; explicitFileType = wrapper.application; includeInIndex = 0; path = "Space-Bar.app"; sourceTree = BUILT_PRODUCTS_DIR; };
		EAFBF6BD203659E50086084A /* Space-Bar-Bridging-Header.h */ = {isa = PBXFileReference; lastKnownFileType = sourcecode.c.h; path = "Space-Bar-Bridging-Header.h"; sourceTree = "<group>"; };
		EAFBF6DD20365A9A0086084A /* Info.plist */ = {isa = PBXFileReference; fileEncoding = 4; lastKnownFileType = text.plist.xml; path = Info.plist; sourceTree = "<group>"; };
/* End PBXFileReference section */

/* Begin PBXFrameworksBuildPhase section */
		EAFBF69D2036591D0086084A /* Frameworks */ = {
			isa = PBXFrameworksBuildPhase;
			buildActionMask = 2147483647;
			files = (
			);
			runOnlyForDeploymentPostprocessing = 0;
		};
/* End PBXFrameworksBuildPhase section */

/* Begin PBXGroup section */
		5F4203C6291B12A300F7FF16 /* Draw */ = {
			isa = PBXGroup;
			children = (
				5F42039E2919857000F7FF16 /* DrawParallax.swift */,
				5F4203B6291A90D800F7FF16 /* DrawHUD.swift */,
				5F42039C291984B900F7FF16 /* DrawLevel.swift */,
				5F4203A42919868700F7FF16 /* DrawBricks.swift */,
				5F4203BE291A96AF00F7FF16 /* DrawCenterCourt.swift */,
				5F4203BC291A95D000F7FF16 /* DrawMiddies.swift */,
				5F4203BA291A951500F7FF16 /* DrawEdgeLoop.swift */,
				5F4203C0291A97AA00F7FF16 /* DrawGoal.swift */,
				5F4203B8291A919600F7FF16 /* DrawWalls.swift */,
				5F4203C2291A996900F7FF16 /* DrawPaddle.swift */,
			);
			path = Draw;
			sourceTree = "<group>";
		};
		5F4203C7291B12C900F7FF16 /* Balls */ = {
			isa = PBXGroup;
			children = (
				5F4203B02919885A00F7FF16 /* RemovePowerBall.swift */,
				5F4203A0291985B200F7FF16 /* AddPuck.swift */,
				5F4203A2291985EA00F7FF16 /* AddPowerBall.swift */,
			);
			path = Balls;
			sourceTree = "<group>";
		};
		5F4203C8291B12EB00F7FF16 /* Physics */ = {
			isa = PBXGroup;
			children = (
				5F4203AC291987C400F7FF16 /* Update.swift */,
				5F4203AA2919877800F7FF16 /* DidBeginContact.swift */,
			);
			path = Physics;
			sourceTree = "<group>";
		};
		5F4203C9291B131200F7FF16 /* Levels */ = {
			isa = PBXGroup;
			children = (
				5F4203C4291A9ADE00F7FF16 /* GetReady.swift */,
				5F4203AE2919881300F7FF16 /* BrickChecker.swift */,
				5F4203A82919870500F7FF16 /* ResetGameBoard.swift */,
				5F4203B22919887500F7FF16 /* TileMapRun.swift */,
			);
			path = Levels;
			sourceTree = "<group>";
		};
		5F4203CA291B134E00F7FF16 /* Game */ = {
			isa = PBXGroup;
			children = (
				5F77D8DC22E3FCE800E8C4F3 /* GameScene.swift */,
				5F77D8F322E3FEBC00E8C4F3 /* GameScene.sks */,
				5F42039A291983EB00F7FF16 /* ViewDidMove.swift */,
			);
			path = Game;
			sourceTree = "<group>";
		};
		5F4203CB291B135C00F7FF16 /* IO */ = {
			isa = PBXGroup;
			children = (
				5F4203A6291986C900F7FF16 /* CocoaTouch.swift */,
				5F4203B4291988A600F7FF16 /* SetHighScore.swift */,
			);
			path = IO;
			sourceTree = "<group>";
		};
		5F4203CC291B23AF00F7FF16 /* Levels 01-10 */ = {
			isa = PBXGroup;
			children = (
				EA69D56E203FCC1F008D9359 /* level1.sks */,
				EABB3B0C203D0102000217E1 /* level2.sks */,
				5FABED8D2905CBAF002EADA3 /* level3.sks */,
				6F27254F26DAA8D30009B5B5 /* level4.sks */,
				5FABED8E2905CBAF002EADA3 /* level5.sks */,
				5FABED8B2905CBAF002EADA3 /* level6.sks */,
				5FABED8C2905CBAF002EADA3 /* level7.sks */,
				6F55698826D479410060D0E7 /* level8.sks */,
				6F4BB9FF26E83B0300BABA11 /* level9.sks */,
				5FAA25F52906F6E700DDD813 /* level10.sks */,
			);
			name = "Levels 01-10";
			sourceTree = "<group>";
		};
		5F4203CD291B23BA00F7FF16 /* Levels 11-20 */ = {
			isa = PBXGroup;
			children = (
				6F4BBA0126E83C0100BABA11 /* level11.sks */,
				6F4BBA0326E83C3900BABA11 /* level12.sks */,
				EABB3AFA203CFA27000217E1 /* level13.sks */,
				6F27255726DAA8D30009B5B5 /* level14.sks */,
				5F4288C82906F86E00C38D01 /* level15.sks */,
				EA69D55C203FC488008D9359 /* level16.sks */,
				EA69D56A203FCB98008D9359 /* level17.sks */,
				6F27255526DAA8D30009B5B5 /* level18.sks */,
				5F4288CA2906F8CD00C38D01 /* level19.sks */,
				5F4288CE2906FBA300C38D01 /* level20.sks */,
			);
			name = "Levels 11-20";
			sourceTree = "<group>";
		};
		5F4203CE291B23DC00F7FF16 /* Levels 21-30 */ = {
			isa = PBXGroup;
			children = (
				6F27255426DAA8D30009B5B5 /* level21.sks */,
				6F27255626DAA8D30009B5B5 /* level22.sks */,
				EA69D568203FCB2E008D9359 /* level23.sks */,
				6F27254E26DAA8D30009B5B5 /* level24.sks */,
				6F27255326DAA8D30009B5B5 /* level25.sks */,
				6FD0575126D47D92005671C4 /* level26.sks */,
				EABB3B06203CFFCD000217E1 /* level27.sks */,
				EA69D560203FC4D4008D9359 /* level28.sks */,
				6F27255B26DAA8D30009B5B5 /* level29.sks */,
				6F27255226DAA8D30009B5B5 /* level30.sks */,
			);
			name = "Levels 21-30";
			sourceTree = "<group>";
		};
		5F4203CF291B23F000F7FF16 /* Levels 31-40 */ = {
			isa = PBXGroup;
			children = (
				EA69D562203FCA95008D9359 /* level31.sks */,
				EABB3B12203D0737000217E1 /* level32.sks */,
				6F27254D26DAA8D30009B5B5 /* level33.sks */,
				6F27255126DAA8D30009B5B5 /* level34.sks */,
				EABB3B00203CFC08000217E1 /* level35.sks */,
				6F27254C26DAA8D30009B5B5 /* level36.sks */,
				5FABED932905D1EA002EADA3 /* level38.sks */,
				5FABED952905D5CF002EADA3 /* level37.sks */,
				5F4288E629072D2200C38D01 /* level39.sks */,
				5F9AFCCF2905D7DA001C79E5 /* level40.sks */,
			);
			path = "Levels 31-40";
			sourceTree = "<group>";
		};
		5F4203D0291B240300F7FF16 /* Levels 41-50 */ = {
			isa = PBXGroup;
			children = (
				5FABED992905D5E1002EADA3 /* level41.sks */,
				5FABED9B2905D72D002EADA3 /* level42.sks */,
				6F27255026DAA8D30009B5B5 /* level43.sks */,
				EABB3B0E203D0255000217E1 /* level44.sks */,
				EA69D558203FC43B008D9359 /* level45.sks */,
				5F4288CC2906F9A400C38D01 /* level46.sks */,
				6F27255826DAA8D30009B5B5 /* level47.sks */,
				5F4288D0290700AD00C38D01 /* level48.sks */,
				5F4288D22907015B00C38D01 /* level49.sks */,
				5F4288D42907017400C38D01 /* level50.sks */,
			);
			name = "Levels 41-50";
			sourceTree = "<group>";
		};
		5F4203D1291B241200F7FF16 /* Levels 51-60 */ = {
			isa = PBXGroup;
			children = (
				5FABED9D2905D758002EADA3 /* level51.sks */,
				5F4288DA29072CA400C38D01 /* level52.sks */,
				5F4288DC29072CBA00C38D01 /* level53.sks */,
				5F4288DE29072CCA00C38D01 /* level54.sks */,
				5F4288E029072CDA00C38D01 /* level55.sks */,
				5F4288E229072CEE00C38D01 /* level56.sks */,
				5F4288D829072C8F00C38D01 /* level57.sks */,
				5F4288E829072D3200C38D01 /* level58.sks */,
				5F4288E429072D0800C38D01 /* level59.sks */,
				5F4288D62907018F00C38D01 /* level60.sks */,
			);
			name = "Levels 51-60";
			sourceTree = "<group>";
		};
		5F4203D2291B242300F7FF16 /* Levels 61-70 */ = {
			isa = PBXGroup;
			children = (
				5FE5CD6E290A1EE700BD4B68 /* level61.sks */,
				5F62F0CF2908A01000672C78 /* level62.sks */,
				5FE5CD6C290A1EDA00BD4B68 /* level63.sks */,
				5FB5697B2908A0A50056FCD0 /* level64.sks */,
				5FB5697D2908A36B0056FCD0 /* level65.sks */,
				5FB569812908A4C60056FCD0 /* level66.sks */,
				5FB569832908A55A0056FCD0 /* level67.sks */,
				5FB569852908AAEB0056FCD0 /* level68.sks */,
				5FB569862908AAEB0056FCD0 /* level69.sks */,
				5FB569872908AAEB0056FCD0 /* level70.sks */,
			);
			name = "Levels 61-70";
			sourceTree = "<group>";
		};
		5F4203D3291B243100F7FF16 /* Levels 71-80 */ = {
			isa = PBXGroup;
			children = (
				5F420398291368F600F7FF16 /* level71.sks */,
				5F62F0CB29088B5900672C78 /* level72.sks */,
				5F4203DD291B34A400F7FF16 /* level73.sks */,
				5F4203D4291B245700F7FF16 /* level74.sks */,
				5F4203D6291B33BB00F7FF16 /* level75.sks */,
				5F4203DC291B34A400F7FF16 /* level76.sks */,
				5F4203D8291B33FF00F7FF16 /* level77.sks */,
				5F4203DE291B34A400F7FF16 /* level78.sks */,
				5F62F0CD29088FD300672C78 /* level79.sks */,
				5F4203E2291B34E400F7FF16 /* level80.sks */,
				5F4203DA291B346200F7FF16 /* level81.sks */,
			);
			name = "Levels 71-80";
			sourceTree = "<group>";
		};
		5F61921522E404BB00ED685B /* Sounds */ = {
			isa = PBXGroup;
			children = (
				6F4BB9D226E3F3A900BABA11 /* Bip.mp3 */,
				6F4BB9D326E3F3A900BABA11 /* Dah.mp3 */,
				6F4BB9D526E3F3A900BABA11 /* Dat.mp3 */,
				6F4BB9D426E3F3A900BABA11 /* Knock.mp3 */,
			);
			path = Sounds;
			sourceTree = "<group>";
		};
		5F77D8E022E3FDF900E8C4F3 /* Base.lproj */ = {
			isa = PBXGroup;
			children = (
				5F77D8E222E3FDF900E8C4F3 /* LaunchScreen.storyboard */,
				5F77D8E322E3FDF900E8C4F3 /* Main.storyboard */,
			);
			path = Base.lproj;
			sourceTree = "<group>";
		};
		5F77D8F922E3FFC500E8C4F3 /* Game Scene */ = {
			isa = PBXGroup;
			children = (
				5F4203CA291B134E00F7FF16 /* Game */,
				5F4203C6291B12A300F7FF16 /* Draw */,
				5F4203C7291B12C900F7FF16 /* Balls */,
				5F4203CB291B135C00F7FF16 /* IO */,
				5F4203C9291B131200F7FF16 /* Levels */,
				5F4203C8291B12EB00F7FF16 /* Physics */,
			);
			path = "Game Scene";
			sourceTree = "<group>";
		};
		5F77D8FA22E4000E00E8C4F3 /* Controllers */ = {
			isa = PBXGroup;
			children = (
				5F77D8DE22E3FCF800E8C4F3 /* GameViewController.swift */,
			);
			path = Controllers;
			sourceTree = "<group>";
		};
		5F77D8FB22E4002100E8C4F3 /* AppDelegate */ = {
			isa = PBXGroup;
			children = (
				5F77D8DA22E3FCC100E8C4F3 /* AppDelegate.swift */,
			);
			path = AppDelegate;
			sourceTree = "<group>";
		};
		5F77D8FC22E4003E00E8C4F3 /* Fonts */ = {
			isa = PBXGroup;
			children = (
				5F163D17231C8A2500E341FD /* SpaceBarColors.otf */,
				5F83175C230CCFAC005B4A1B /* emulogic.ttf */,
			);
			path = Fonts;
			sourceTree = "<group>";
		};
		5FCEE07D2313413D0002A5CF /* Game Menu */ = {
			isa = PBXGroup;
			children = (
				5FCEE07E2313415E0002A5CF /* GameMenu.swift */,
				5FCEE080231341680002A5CF /* GameMenu.sks */,
			);
			path = "Game Menu";
			sourceTree = "<group>";
		};
		6FA1ABBB26E99A8E003CBD2D /* Game Data */ = {
			isa = PBXGroup;
			children = (
				6FA1ABBC26E99AE5003CBD2D /* LevelPosition.swift */,
				6F27256C26DC41240009B5B5 /* Settings.swift */,
				6F4BB9DA26E4231300BABA11 /* Global.swift */,
				6F55698526D1F9300060D0E7 /* ScreenSize.swift */,
				5F971A9C2908B70D007895AC /* Speech.swift */,
			);
			path = "Game Data";
			sourceTree = "<group>";
		};
		EAFBF6972036591D0086084A = {
			isa = PBXGroup;
			children = (
				EAFBF6A22036591D0086084A /* Space-Bar */,
				EAFBF6A12036591D0086084A /* Products */,
			);
			sourceTree = "<group>";
		};
		EAFBF6A12036591D0086084A /* Products */ = {
			isa = PBXGroup;
			children = (
				EAFBF6A02036591D0086084A /* Space-Bar.app */,
			);
			name = Products;
			sourceTree = "<group>";
		};
		EAFBF6A22036591D0086084A /* Space-Bar */ = {
			isa = PBXGroup;
			children = (
				5FC5E32722E40F1F00E1159A /* Space-Bar.entitlements */,
				5F61921522E404BB00ED685B /* Sounds */,
				5F77D8FC22E4003E00E8C4F3 /* Fonts */,
				5F77D8FB22E4002100E8C4F3 /* AppDelegate */,
				5F77D8FA22E4000E00E8C4F3 /* Controllers */,
				EAFBF6DF203663520086084A /* Game Levels */,
				6FA1ABBB26E99A8E003CBD2D /* Game Data */,
				5FCEE07D2313413D0002A5CF /* Game Menu */,
				5F77D8F922E3FFC500E8C4F3 /* Game Scene */,
				5F77D8E022E3FDF900E8C4F3 /* Base.lproj */,
				EAFBF6DD20365A9A0086084A /* Info.plist */,
				EABB3AF8203B64C6000217E1 /* Assets.xcassets */,
				EAFBF6BD203659E50086084A /* Space-Bar-Bridging-Header.h */,
			);
			path = "Space-Bar";
			sourceTree = "<group>";
		};
		EAFBF6DF203663520086084A /* Game Levels */ = {
			isa = PBXGroup;
			children = (
				5F77D8F722E3FED800E8C4F3 /* hexTileSet.sks */,
				6FE658D826F6826800B28192 /* gridTileSet.sks */,
				5F4203CC291B23AF00F7FF16 /* Levels 01-10 */,
				5F4203CD291B23BA00F7FF16 /* Levels 11-20 */,
				5F4203CE291B23DC00F7FF16 /* Levels 21-30 */,
				5F4203CF291B23F000F7FF16 /* Levels 31-40 */,
				5F4203D0291B240300F7FF16 /* Levels 41-50 */,
				5F4203D1291B241200F7FF16 /* Levels 51-60 */,
				5F4203D2291B242300F7FF16 /* Levels 61-70 */,
				5F4203D3291B243100F7FF16 /* Levels 71-80 */,
			);
			name = "Game Levels";
			sourceTree = "<group>";
		};
/* End PBXGroup section */

/* Begin PBXNativeTarget section */
		EAFBF69F2036591D0086084A /* Space-Bar */ = {
			isa = PBXNativeTarget;
			buildConfigurationList = EAFBF6B82036591D0086084A /* Build configuration list for PBXNativeTarget "Space-Bar" */;
			buildPhases = (
				EAFBF69C2036591D0086084A /* Sources */,
				EAFBF69D2036591D0086084A /* Frameworks */,
				EAFBF69E2036591D0086084A /* Resources */,
			);
			buildRules = (
			);
			dependencies = (
			);
			name = "Space-Bar";
			productName = "Space-Bar";
			productReference = EAFBF6A02036591D0086084A /* Space-Bar.app */;
			productType = "com.apple.product-type.application";
		};
/* End PBXNativeTarget section */

/* Begin PBXProject section */
		EAFBF6982036591D0086084A /* Project object */ = {
			isa = PBXProject;
			attributes = {
				LastSwiftUpdateCheck = 0920;
				LastUpgradeCheck = 1250;
				ORGANIZATIONNAME = "Todd Bruss";
				TargetAttributes = {
					EAFBF69F2036591D0086084A = {
						CreatedOnToolsVersion = 9.2;
						LastSwiftMigration = 1020;
						ProvisioningStyle = Automatic;
					};
				};
			};
			buildConfigurationList = EAFBF69B2036591D0086084A /* Build configuration list for PBXProject "Space-Bar" */;
			compatibilityVersion = "Xcode 8.0";
			developmentRegion = en;
			hasScannedForEncodings = 0;
			knownRegions = (
				en,
				Base,
			);
			mainGroup = EAFBF6972036591D0086084A;
			productRefGroup = EAFBF6A12036591D0086084A /* Products */;
			projectDirPath = "";
			projectRoot = "";
			targets = (
				EAFBF69F2036591D0086084A /* Space-Bar */,
			);
		};
/* End PBXProject section */

/* Begin PBXResourcesBuildPhase section */
		EAFBF69E2036591D0086084A /* Resources */ = {
			isa = PBXResourcesBuildPhase;
			buildActionMask = 2147483647;
			files = (
				6F4BB9D726E3F3A900BABA11 /* Dah.mp3 in Resources */,
				5FB5698A2908AAEB0056FCD0 /* level70.sks in Resources */,
				6FD0575326D47D92005671C4 /* level26.sks in Resources */,
				EABB3AFB203CFA27000217E1 /* level13.sks in Resources */,
				6F27255D26DAA8D30009B5B5 /* level33.sks in Resources */,
				EA69D561203FC4D4008D9359 /* level28.sks in Resources */,
				6F27255E26DAA8D30009B5B5 /* level24.sks in Resources */,
				5F9AFCD02905D7DA001C79E5 /* level40.sks in Resources */,
				EABB3B07203CFFCD000217E1 /* level27.sks in Resources */,
				5F4288D72907018F00C38D01 /* level60.sks in Resources */,
				6F27256226DAA8D30009B5B5 /* level30.sks in Resources */,
				6F55698A26D479410060D0E7 /* level8.sks in Resources */,
				6F27256326DAA8D30009B5B5 /* level25.sks in Resources */,
				6F27256826DAA8D30009B5B5 /* level47.sks in Resources */,
				EABB3B01203CFC08000217E1 /* level35.sks in Resources */,
				5F4288C92906F86E00C38D01 /* level15.sks in Resources */,
				EA69D56B203FCB98008D9359 /* level17.sks in Resources */,
				EA69D559203FC43B008D9359 /* level45.sks in Resources */,
				6FE658D926F6826800B28192 /* gridTileSet.sks in Resources */,
				5FABED9C2905D72D002EADA3 /* level42.sks in Resources */,
				5F4288DF29072CCA00C38D01 /* level54.sks in Resources */,
				5FB5697C2908A0A50056FCD0 /* level64.sks in Resources */,
				5FABED9A2905D5E1002EADA3 /* level41.sks in Resources */,
				6F27255C26DAA8D30009B5B5 /* level36.sks in Resources */,
				5F4288E129072CDA00C38D01 /* level55.sks in Resources */,
				5F4288D1290700AD00C38D01 /* level48.sks in Resources */,
				6F4BBA0426E83C3900BABA11 /* level12.sks in Resources */,
				5F4288E329072CEE00C38D01 /* level56.sks in Resources */,
				6FF23C2326DC7AD3006237E5 /* LaunchScreen.storyboard in Resources */,
				6F27256026DAA8D30009B5B5 /* level43.sks in Resources */,
				5F4288D929072C8F00C38D01 /* level57.sks in Resources */,
				5F4288CB2906F8CD00C38D01 /* level19.sks in Resources */,
				6F27256626DAA8D30009B5B5 /* level22.sks in Resources */,
				5F4288E729072D2300C38D01 /* level39.sks in Resources */,
				5F4203E1291B34A400F7FF16 /* level78.sks in Resources */,
				6F4BBA0226E83C0100BABA11 /* level11.sks in Resources */,
				5FE5CD6F290A1EE700BD4B68 /* level61.sks in Resources */,
				5F77D8E622E3FDF900E8C4F3 /* Main.storyboard in Resources */,
				5F4288D52907017400C38D01 /* level50.sks in Resources */,
				EA69D56F203FCC1F008D9359 /* level1.sks in Resources */,
				6F27256426DAA8D30009B5B5 /* level21.sks in Resources */,
				5F4203DB291B346200F7FF16 /* level81.sks in Resources */,
				5F4203D5291B245700F7FF16 /* level74.sks in Resources */,
				5FABED962905D5CF002EADA3 /* level37.sks in Resources */,
				5FB569892908AAEB0056FCD0 /* level69.sks in Resources */,
				5F163D18231C8A2500E341FD /* SpaceBarColors.otf in Resources */,
				5F4203DF291B34A400F7FF16 /* level76.sks in Resources */,
				5FABED922905CBAF002EADA3 /* level5.sks in Resources */,
				6F4BB9D926E3F3A900BABA11 /* Dat.mp3 in Resources */,
				5F420399291368F600F7FF16 /* level71.sks in Resources */,
				5FABED942905D1EA002EADA3 /* level38.sks in Resources */,
				EABB3B0F203D0255000217E1 /* level44.sks in Resources */,
				EABB3B13203D0737000217E1 /* level32.sks in Resources */,
				5F4203D9291B340000F7FF16 /* level77.sks in Resources */,
				5F4203E3291B34E400F7FF16 /* level80.sks in Resources */,
				5FABED8F2905CBAF002EADA3 /* level6.sks in Resources */,
				EA69D563203FCA95008D9359 /* level31.sks in Resources */,
				5FB569842908A55A0056FCD0 /* level67.sks in Resources */,
				6F27256126DAA8D30009B5B5 /* level34.sks in Resources */,
				5F4203D7291B33BB00F7FF16 /* level75.sks in Resources */,
				5F4288DB29072CA400C38D01 /* level52.sks in Resources */,
				5FB5697E2908A36B0056FCD0 /* level65.sks in Resources */,
				5FABED912905CBAF002EADA3 /* level3.sks in Resources */,
				EA69D55D203FC488008D9359 /* level16.sks in Resources */,
				EABB3B0D203D0102000217E1 /* level2.sks in Resources */,
				6F4BB9D626E3F3A900BABA11 /* Bip.mp3 in Resources */,
				5FABED902905CBAF002EADA3 /* level7.sks in Resources */,
				5F4203E0291B34A400F7FF16 /* level73.sks in Resources */,
				5FABED9E2905D758002EADA3 /* level51.sks in Resources */,
				6F27255F26DAA8D30009B5B5 /* level4.sks in Resources */,
				6F4BB9D826E3F3A900BABA11 /* Knock.mp3 in Resources */,
				5F77D8F822E3FED800E8C4F3 /* hexTileSet.sks in Resources */,
				5F62F0CC29088B5900672C78 /* level72.sks in Resources */,
				5F62F0D02908A01000672C78 /* level62.sks in Resources */,
				5FCEE081231341680002A5CF /* GameMenu.sks in Resources */,
				5F4288E529072D0800C38D01 /* level59.sks in Resources */,
				5F4288E929072D3200C38D01 /* level58.sks in Resources */,
				5F77D8F522E3FEBC00E8C4F3 /* GameScene.sks in Resources */,
				5F83175D230CD7E0005B4A1B /* emulogic.ttf in Resources */,
				5F4288CD2906F9A400C38D01 /* level46.sks in Resources */,
				5F4288CF2906FBA300C38D01 /* level20.sks in Resources */,
				6F27256B26DAA8D30009B5B5 /* level29.sks in Resources */,
				5FB569882908AAEB0056FCD0 /* level68.sks in Resources */,
				5FAA25F62906F6E700DDD813 /* level10.sks in Resources */,
				5F62F0CE29088FD300672C78 /* level79.sks in Resources */,
				EABB3AF9203B64C6000217E1 /* Assets.xcassets in Resources */,
				5F4288D32907015B00C38D01 /* level49.sks in Resources */,
				5F4288DD29072CBA00C38D01 /* level53.sks in Resources */,
				6F27256726DAA8D30009B5B5 /* level14.sks in Resources */,
				6F27256526DAA8D30009B5B5 /* level18.sks in Resources */,
				EA69D569203FCB2E008D9359 /* level23.sks in Resources */,
				5FB569822908A4C60056FCD0 /* level66.sks in Resources */,
				5FE5CD6D290A1EDA00BD4B68 /* level63.sks in Resources */,
				6F4BBA0026E83B0300BABA11 /* level9.sks in Resources */,
			);
			runOnlyForDeploymentPostprocessing = 0;
		};
/* End PBXResourcesBuildPhase section */

/* Begin PBXSourcesBuildPhase section */
		EAFBF69C2036591D0086084A /* Sources */ = {
			isa = PBXSourcesBuildPhase;
			buildActionMask = 2147483647;
			files = (
				5F4203BF291A96AF00F7FF16 /* DrawCenterCourt.swift in Sources */,
				5F42039F2919857000F7FF16 /* DrawParallax.swift in Sources */,
				5F971A9D2908B70D007895AC /* Speech.swift in Sources */,
				6F27256D26DC41240009B5B5 /* Settings.swift in Sources */,
				5F4203AD291987C400F7FF16 /* Update.swift in Sources */,
				5F4203A7291986C900F7FF16 /* CocoaTouch.swift in Sources */,
				5F4203AF2919881300F7FF16 /* BrickChecker.swift in Sources */,
				6F55698626D1F9300060D0E7 /* ScreenSize.swift in Sources */,
				5F42039B291983EB00F7FF16 /* ViewDidMove.swift in Sources */,
				5F77D8DF22E3FCF900E8C4F3 /* GameViewController.swift in Sources */,
				5F4203B32919887500F7FF16 /* TileMapRun.swift in Sources */,
				6FA1ABBD26E99AE5003CBD2D /* LevelPosition.swift in Sources */,
				5F4203C5291A9ADE00F7FF16 /* GetReady.swift in Sources */,
				5FCEE07F2313415E0002A5CF /* GameMenu.swift in Sources */,
				5F4203B5291988A600F7FF16 /* SetHighScore.swift in Sources */,
				5F4203B12919885A00F7FF16 /* RemovePowerBall.swift in Sources */,
				5F4203AB2919877800F7FF16 /* DidBeginContact.swift in Sources */,
				5F4203A1291985B200F7FF16 /* AddPuck.swift in Sources */,
				5F4203BB291A951500F7FF16 /* DrawEdgeLoop.swift in Sources */,
				5F77D8DB22E3FCC100E8C4F3 /* AppDelegate.swift in Sources */,
				5F4203A92919870500F7FF16 /* ResetGameBoard.swift in Sources */,
				5F77D8DD22E3FCE800E8C4F3 /* GameScene.swift in Sources */,
				5F4203C3291A996900F7FF16 /* DrawPaddle.swift in Sources */,
				5F42039D291984B900F7FF16 /* DrawLevel.swift in Sources */,
				5F4203B9291A919600F7FF16 /* DrawWalls.swift in Sources */,
				5F4203A3291985EA00F7FF16 /* AddPowerBall.swift in Sources */,
				5F4203BD291A95D000F7FF16 /* DrawMiddies.swift in Sources */,
				5F4203A52919868700F7FF16 /* DrawBricks.swift in Sources */,
				6F4BB9DB26E4232000BABA11 /* Global.swift in Sources */,
				5F4203B7291A90D800F7FF16 /* DrawHUD.swift in Sources */,
				5F4203C1291A97AA00F7FF16 /* DrawGoal.swift in Sources */,
			);
			runOnlyForDeploymentPostprocessing = 0;
		};
/* End PBXSourcesBuildPhase section */

/* Begin PBXVariantGroup section */
		5F77D8E322E3FDF900E8C4F3 /* Main.storyboard */ = {
			isa = PBXVariantGroup;
			children = (
				5F77D8E422E3FDF900E8C4F3 /* Base */,
			);
			name = Main.storyboard;
			sourceTree = "<group>";
		};
/* End PBXVariantGroup section */

/* Begin XCBuildConfiguration section */
		EAFBF6B62036591D0086084A /* Debug */ = {
			isa = XCBuildConfiguration;
			buildSettings = {
				ALWAYS_SEARCH_USER_PATHS = NO;
				CLANG_ANALYZER_NONNULL = YES;
				CLANG_ANALYZER_NUMBER_OBJECT_CONVERSION = YES_AGGRESSIVE;
				CLANG_CXX_LANGUAGE_STANDARD = "gnu++14";
				CLANG_CXX_LIBRARY = "libc++";
				CLANG_ENABLE_MODULES = YES;
				CLANG_ENABLE_OBJC_ARC = YES;
				CLANG_WARN_BLOCK_CAPTURE_AUTORELEASING = YES;
				CLANG_WARN_BOOL_CONVERSION = YES;
				CLANG_WARN_COMMA = YES;
				CLANG_WARN_CONSTANT_CONVERSION = YES;
				CLANG_WARN_DEPRECATED_OBJC_IMPLEMENTATIONS = YES;
				CLANG_WARN_DIRECT_OBJC_ISA_USAGE = YES_ERROR;
				CLANG_WARN_DOCUMENTATION_COMMENTS = YES;
				CLANG_WARN_EMPTY_BODY = YES;
				CLANG_WARN_ENUM_CONVERSION = YES;
				CLANG_WARN_INFINITE_RECURSION = YES;
				CLANG_WARN_INT_CONVERSION = YES;
				CLANG_WARN_NON_LITERAL_NULL_CONVERSION = YES;
				CLANG_WARN_OBJC_IMPLICIT_RETAIN_SELF = YES;
				CLANG_WARN_OBJC_LITERAL_CONVERSION = YES;
				CLANG_WARN_OBJC_ROOT_CLASS = YES_ERROR;
				CLANG_WARN_QUOTED_INCLUDE_IN_FRAMEWORK_HEADER = YES;
				CLANG_WARN_RANGE_LOOP_ANALYSIS = YES;
				CLANG_WARN_STRICT_PROTOTYPES = YES;
				CLANG_WARN_SUSPICIOUS_MOVE = YES;
				CLANG_WARN_UNGUARDED_AVAILABILITY = YES_AGGRESSIVE;
				CLANG_WARN_UNREACHABLE_CODE = YES;
				CLANG_WARN__DUPLICATE_METHOD_MATCH = YES;
				CODE_SIGN_IDENTITY = "iPhone Developer";
				COPY_PHASE_STRIP = NO;
				DEBUG_INFORMATION_FORMAT = dwarf;
				ENABLE_STRICT_OBJC_MSGSEND = YES;
				ENABLE_TESTABILITY = YES;
				GCC_C_LANGUAGE_STANDARD = gnu11;
				GCC_DYNAMIC_NO_PIC = NO;
				GCC_NO_COMMON_BLOCKS = YES;
				GCC_OPTIMIZATION_LEVEL = 0;
				GCC_PREPROCESSOR_DEFINITIONS = (
					"DEBUG=1",
					"$(inherited)",
				);
				GCC_WARN_64_TO_32_BIT_CONVERSION = YES;
				GCC_WARN_ABOUT_RETURN_TYPE = YES_ERROR;
				GCC_WARN_UNDECLARED_SELECTOR = YES;
				GCC_WARN_UNINITIALIZED_AUTOS = YES_AGGRESSIVE;
				GCC_WARN_UNUSED_FUNCTION = YES;
				GCC_WARN_UNUSED_VARIABLE = YES;
				IPHONEOS_DEPLOYMENT_TARGET = 12.0;
				MTL_ENABLE_DEBUG_INFO = YES;
				ONLY_ACTIVE_ARCH = YES;
				SDKROOT = iphoneos;
				SWIFT_ACTIVE_COMPILATION_CONDITIONS = DEBUG;
				SWIFT_OPTIMIZATION_LEVEL = "-Onone";
				SWIFT_VERSION = 5.0;
			};
			name = Debug;
		};
		EAFBF6B72036591D0086084A /* Release */ = {
			isa = XCBuildConfiguration;
			buildSettings = {
				ALWAYS_SEARCH_USER_PATHS = NO;
				CLANG_ANALYZER_NONNULL = YES;
				CLANG_ANALYZER_NUMBER_OBJECT_CONVERSION = YES_AGGRESSIVE;
				CLANG_CXX_LANGUAGE_STANDARD = "gnu++14";
				CLANG_CXX_LIBRARY = "libc++";
				CLANG_ENABLE_MODULES = YES;
				CLANG_ENABLE_OBJC_ARC = YES;
				CLANG_WARN_BLOCK_CAPTURE_AUTORELEASING = YES;
				CLANG_WARN_BOOL_CONVERSION = YES;
				CLANG_WARN_COMMA = YES;
				CLANG_WARN_CONSTANT_CONVERSION = YES;
				CLANG_WARN_DEPRECATED_OBJC_IMPLEMENTATIONS = YES;
				CLANG_WARN_DIRECT_OBJC_ISA_USAGE = YES_ERROR;
				CLANG_WARN_DOCUMENTATION_COMMENTS = YES;
				CLANG_WARN_EMPTY_BODY = YES;
				CLANG_WARN_ENUM_CONVERSION = YES;
				CLANG_WARN_INFINITE_RECURSION = YES;
				CLANG_WARN_INT_CONVERSION = YES;
				CLANG_WARN_NON_LITERAL_NULL_CONVERSION = YES;
				CLANG_WARN_OBJC_IMPLICIT_RETAIN_SELF = YES;
				CLANG_WARN_OBJC_LITERAL_CONVERSION = YES;
				CLANG_WARN_OBJC_ROOT_CLASS = YES_ERROR;
				CLANG_WARN_QUOTED_INCLUDE_IN_FRAMEWORK_HEADER = YES;
				CLANG_WARN_RANGE_LOOP_ANALYSIS = YES;
				CLANG_WARN_STRICT_PROTOTYPES = YES;
				CLANG_WARN_SUSPICIOUS_MOVE = YES;
				CLANG_WARN_UNGUARDED_AVAILABILITY = YES_AGGRESSIVE;
				CLANG_WARN_UNREACHABLE_CODE = YES;
				CLANG_WARN__DUPLICATE_METHOD_MATCH = YES;
				CODE_SIGN_IDENTITY = "iPhone Developer";
				COPY_PHASE_STRIP = NO;
				DEBUG_INFORMATION_FORMAT = "dwarf-with-dsym";
				ENABLE_NS_ASSERTIONS = NO;
				ENABLE_STRICT_OBJC_MSGSEND = YES;
				GCC_C_LANGUAGE_STANDARD = gnu11;
				GCC_NO_COMMON_BLOCKS = YES;
				GCC_WARN_64_TO_32_BIT_CONVERSION = YES;
				GCC_WARN_ABOUT_RETURN_TYPE = YES_ERROR;
				GCC_WARN_UNDECLARED_SELECTOR = YES;
				GCC_WARN_UNINITIALIZED_AUTOS = YES_AGGRESSIVE;
				GCC_WARN_UNUSED_FUNCTION = YES;
				GCC_WARN_UNUSED_VARIABLE = YES;
				IPHONEOS_DEPLOYMENT_TARGET = 12.0;
				MTL_ENABLE_DEBUG_INFO = NO;
				SDKROOT = iphoneos;
				SWIFT_COMPILATION_MODE = wholemodule;
				SWIFT_OPTIMIZATION_LEVEL = "-Osize";
				SWIFT_VERSION = 5.0;
				VALIDATE_PRODUCT = YES;
			};
			name = Release;
		};
		EAFBF6B92036591D0086084A /* Debug */ = {
			isa = XCBuildConfiguration;
			buildSettings = {
				ASSETCATALOG_COMPILER_APPICON_NAME = AppIcon;
				CLANG_ENABLE_MODULES = YES;
				CODE_SIGN_ENTITLEMENTS = "Space-Bar/Space-Bar.entitlements";
				CODE_SIGN_IDENTITY = "iPhone Developer";
				CODE_SIGN_STYLE = Automatic;
				CURRENT_PROJECT_VERSION = 34;
				DERIVE_UIKITFORMAC_PRODUCT_BUNDLE_IDENTIFIER = YES;
				DEVELOPMENT_TEAM = 469UCUB275;
				INFOPLIST_FILE = "Space-Bar/Info.plist";
				INFOPLIST_KEY_LSApplicationCategoryType = "public.app-category.action-games";
				IPHONEOS_DEPLOYMENT_TARGET = 12.0;
				LD_RUNPATH_SEARCH_PATHS = "$(inherited) @executable_path/Frameworks";
				PRODUCT_BUNDLE_IDENTIFIER = com.ufoemoji.spacebar;
				PRODUCT_NAME = "$(TARGET_NAME)";
				PROVISIONING_PROFILE_SPECIFIER = "";
				SUPPORTED_PLATFORMS = "iphoneos iphonesimulator";
				SUPPORTS_MACCATALYST = NO;
				SUPPORTS_MAC_DESIGNED_FOR_IPHONE_IPAD = NO;
				SWIFT_OBJC_BRIDGING_HEADER = "Space-Bar/Space-Bar-Bridging-Header.h";
				SWIFT_OPTIMIZATION_LEVEL = "-Onone";
				SWIFT_VERSION = 5.0;
				TARGETED_DEVICE_FAMILY = "1,2";
			};
			name = Debug;
		};
		EAFBF6BA2036591D0086084A /* Release */ = {
			isa = XCBuildConfiguration;
			buildSettings = {
				ASSETCATALOG_COMPILER_APPICON_NAME = AppIcon;
				CLANG_ENABLE_MODULES = YES;
				CODE_SIGN_ENTITLEMENTS = "Space-Bar/Space-Bar.entitlements";
				CODE_SIGN_IDENTITY = "iPhone Developer";
				CODE_SIGN_STYLE = Automatic;
				CURRENT_PROJECT_VERSION = 34;
				DERIVE_UIKITFORMAC_PRODUCT_BUNDLE_IDENTIFIER = YES;
				DEVELOPMENT_TEAM = 469UCUB275;
				INFOPLIST_FILE = "Space-Bar/Info.plist";
				INFOPLIST_KEY_LSApplicationCategoryType = "public.app-category.action-games";
				IPHONEOS_DEPLOYMENT_TARGET = 12.0;
				LD_RUNPATH_SEARCH_PATHS = "$(inherited) @executable_path/Frameworks";
				PRODUCT_BUNDLE_IDENTIFIER = com.ufoemoji.spacebar;
				PRODUCT_NAME = "$(TARGET_NAME)";
				PROVISIONING_PROFILE_SPECIFIER = "";
				SUPPORTED_PLATFORMS = "iphoneos iphonesimulator";
				SUPPORTS_MACCATALYST = NO;
				SUPPORTS_MAC_DESIGNED_FOR_IPHONE_IPAD = NO;
				SWIFT_OBJC_BRIDGING_HEADER = "Space-Bar/Space-Bar-Bridging-Header.h";
				SWIFT_VERSION = 5.0;
				TARGETED_DEVICE_FAMILY = "1,2";
			};
			name = Release;
		};
/* End XCBuildConfiguration section */

/* Begin XCConfigurationList section */
		EAFBF69B2036591D0086084A /* Build configuration list for PBXProject "Space-Bar" */ = {
			isa = XCConfigurationList;
			buildConfigurations = (
				EAFBF6B62036591D0086084A /* Debug */,
				EAFBF6B72036591D0086084A /* Release */,
			);
			defaultConfigurationIsVisible = 0;
			defaultConfigurationName = Release;
		};
		EAFBF6B82036591D0086084A /* Build configuration list for PBXNativeTarget "Space-Bar" */ = {
			isa = XCConfigurationList;
			buildConfigurations = (
				EAFBF6B92036591D0086084A /* Debug */,
				EAFBF6BA2036591D0086084A /* Release */,
			);
			defaultConfigurationIsVisible = 0;
			defaultConfigurationName = Release;
		};
/* End XCConfigurationList section */
	};
	rootObject = EAFBF6982036591D0086084A /* Project object */;
}
